// !$*UTF8*$!
{
	archiveVersion = 1;
	classes = {
	};
	objectVersion = 39;
	objects = {
		089C165FFE840EACC02AAC07 = {
			children = (
				089C1660FE840EACC02AAC07,
			);
			isa = PBXVariantGroup;
			name = InfoPlist.strings;
			refType = 4;
			sourceTree = "<group>";
		};
		089C1660FE840EACC02AAC07 = {
			fileEncoding = 10;
			isa = PBXFileReference;
			lastKnownFileType = text.plist.strings;
			name = English;
			path = English.lproj/InfoPlist.strings;
			refType = 4;
			sourceTree = "<group>";
		};
//080
//081
//082
//083
//084
//100
//101
//102
//103
//104
		1058C7A6FEA54F5311CA2CBB = {
			children = (
				5EAD69AA05EE5F5300E75BFF,
				1058C7A7FEA54F5311CA2CBB,
				144BC7C905EE5C84006397BC,
			);
			isa = PBXGroup;
			name = "Linked Frameworks";
			refType = 4;
			sourceTree = "<group>";
		};
		1058C7A7FEA54F5311CA2CBB = {
			fallbackIsa = PBXFileReference;
			isa = PBXFrameworkReference;
			lastKnownFileType = wrapper.framework;
			name = Cocoa.framework;
			path = /System/Library/Frameworks/Cocoa.framework;
			refType = 0;
			sourceTree = "<absolute>";
		};
		1058C7A8FEA54F5311CA2CBB = {
			children = (
				2A37F4C5FDCFA73011CA2CEA,
				2A37F4C4FDCFA73011CA2CEA,
			);
			isa = PBXGroup;
			name = "Other Frameworks";
			refType = 4;
			sourceTree = "<group>";
		};
//100
//101
//102
//103
//104
//140
//141
//142
//143
//144
		143C35DB05ECAC32008C6DFE = {
			children = (
				5EEB188005ED1F0500C17677,
				5EEB186C05ED1EBE00C17677,
				5EEB187105ED1EBE00C17677,
				5EEB186D05ED1EBE00C17677,
				5EEB186905ED1EBE00C17677,
				5EEB186F05ED1EBE00C17677,
				5EEB186605ED1EBE00C17677,
				5EEB187005ED1EBE00C17677,
				5EEB186705ED1EBE00C17677,
				5EEB186805ED1EBE00C17677,
				5EEB186A05ED1EBE00C17677,
				5EEB186E05ED1EBE00C17677,
				5EEB186B05ED1EBE00C17677,
				5EEB187205ED1EBE00C17677,
			);
			isa = PBXGroup;
			path = TCMBEEP;
			refType = 4;
			sourceTree = "<group>";
		};
		143C360005ECB200008C6DFE = {
			fileEncoding = 30;
			isa = PBXFileReference;
			lastKnownFileType = sourcecode.c.h;
			path = NSDictionaryTCMAdditions.h;
			refType = 4;
			sourceTree = "<group>";
		};
		143C360105ECB200008C6DFE = {
			fileEncoding = 30;
			isa = PBXFileReference;
			lastKnownFileType = sourcecode.c.objc;
			path = NSDictionaryTCMAdditions.m;
			refType = 4;
			sourceTree = "<group>";
		};
		143C360205ECB200008C6DFE = {
			fileEncoding = 30;
			isa = PBXFileReference;
			lastKnownFileType = sourcecode.c.h;
			path = NSStringTCMAdditions.h;
			refType = 4;
			sourceTree = "<group>";
		};
		143C360305ECB200008C6DFE = {
			fileEncoding = 30;
			isa = PBXFileReference;
			lastKnownFileType = sourcecode.c.objc;
			path = NSStringTCMAdditions.m;
			refType = 4;
			sourceTree = "<group>";
		};
		143C360405ECB200008C6DFE = {
			fileRef = 143C360005ECB200008C6DFE;
			isa = PBXBuildFile;
			settings = {
			};
		};
		143C360505ECB200008C6DFE = {
			fileRef = 143C360105ECB200008C6DFE;
			isa = PBXBuildFile;
			settings = {
			};
		};
		143C360605ECB200008C6DFE = {
			fileRef = 143C360205ECB200008C6DFE;
			isa = PBXBuildFile;
			settings = {
			};
		};
		143C360705ECB200008C6DFE = {
			fileRef = 143C360305ECB200008C6DFE;
			isa = PBXBuildFile;
			settings = {
			};
		};
		143C360C05ECCEE8008C6DFE = {
			fileEncoding = 4;
			isa = PBXFileReference;
			lastKnownFileType = sourcecode.c.h;
			path = AppController.h;
			refType = 4;
			sourceTree = "<group>";
		};
		143C360D05ECCEE8008C6DFE = {
			fileEncoding = 4;
			isa = PBXFileReference;
			lastKnownFileType = sourcecode.c.objc;
			path = AppController.m;
			refType = 4;
			sourceTree = "<group>";
		};
		143C360E05ECCEE8008C6DFE = {
			fileRef = 143C360C05ECCEE8008C6DFE;
			isa = PBXBuildFile;
			settings = {
			};
		};
		143C360F05ECCEE8008C6DFE = {
			fileRef = 143C360D05ECCEE8008C6DFE;
			isa = PBXBuildFile;
			settings = {
			};
		};
		144BC39005EDFDB1006397BC = {
			fileEncoding = 4;
			isa = PBXFileReference;
			lastKnownFileType = sourcecode.c.h;
			path = TCMPreferenceController.h;
			refType = 4;
			sourceTree = "<group>";
		};
		144BC39105EDFDB1006397BC = {
			fileEncoding = 4;
			isa = PBXFileReference;
			lastKnownFileType = sourcecode.c.objc;
			path = TCMPreferenceController.m;
			refType = 4;
			sourceTree = "<group>";
		};
		144BC39205EDFDB1006397BC = {
			fileRef = 144BC39005EDFDB1006397BC;
			isa = PBXBuildFile;
			settings = {
			};
		};
		144BC39305EDFDB1006397BC = {
			fileRef = 144BC39105EDFDB1006397BC;
			isa = PBXBuildFile;
			settings = {
			};
		};
		144BC39405EDFF60006397BC = {
			children = (
				144BC39505EDFF60006397BC,
			);
			isa = PBXVariantGroup;
			name = Preferences.nib;
			path = "";
			refType = 4;
			sourceTree = "<group>";
		};
		144BC39505EDFF60006397BC = {
			isa = PBXFileReference;
			lastKnownFileType = wrapper.nib;
			name = English;
			path = English.lproj/Preferences.nib;
			refType = 4;
			sourceTree = "<group>";
		};
		144BC39605EDFF60006397BC = {
			fileRef = 144BC39405EDFF60006397BC;
			isa = PBXBuildFile;
			settings = {
			};
		};
		144BC76505EE1F21006397BC = {
			fileEncoding = 4;
			isa = PBXFileReference;
			lastKnownFileType = sourcecode.c.h;
			path = TCMPreferenceModule.h;
			refType = 4;
			sourceTree = "<group>";
		};
		144BC76605EE1F21006397BC = {
			fileEncoding = 4;
			isa = PBXFileReference;
			lastKnownFileType = sourcecode.c.objc;
			path = TCMPreferenceModule.m;
			refType = 4;
			sourceTree = "<group>";
		};
		144BC76705EE1F21006397BC = {
			fileRef = 144BC76505EE1F21006397BC;
			isa = PBXBuildFile;
			settings = {
			};
		};
		144BC76805EE1F21006397BC = {
			fileRef = 144BC76605EE1F21006397BC;
			isa = PBXBuildFile;
			settings = {
			};
		};
		144BC77105EE26B0006397BC = {
			fileEncoding = 4;
			isa = PBXFileReference;
			lastKnownFileType = sourcecode.c.h;
			path = DebugPreferences.h;
			refType = 4;
			sourceTree = "<group>";
		};
		144BC77205EE26B0006397BC = {
			fileEncoding = 4;
			isa = PBXFileReference;
			lastKnownFileType = sourcecode.c.objc;
			path = DebugPreferences.m;
			refType = 4;
			sourceTree = "<group>";
		};
		144BC77305EE26B0006397BC = {
			fileRef = 144BC77105EE26B0006397BC;
			isa = PBXBuildFile;
			settings = {
			};
		};
		144BC77405EE26B0006397BC = {
			fileRef = 144BC77205EE26B0006397BC;
			isa = PBXBuildFile;
			settings = {
			};
		};
		144BC77505EE279B006397BC = {
			isa = PBXFileReference;
			lastKnownFileType = image.tiff;
			path = debug.tiff;
			refType = 4;
			sourceTree = "<group>";
		};
		144BC77605EE279B006397BC = {
			fileRef = 144BC77505EE279B006397BC;
			isa = PBXBuildFile;
			settings = {
			};
		};
		144BC7C305EE43B6006397BC = {
			isa = PBXFileReference;
			lastKnownFileType = wrapper.nib;
			path = DebugPrefs.nib;
			refType = 4;
			sourceTree = "<group>";
		};
		144BC7C405EE43B6006397BC = {
			fileRef = 144BC7C305EE43B6006397BC;
			isa = PBXBuildFile;
			settings = {
			};
		};
		144BC7C905EE5C84006397BC = {
			isa = PBXFileReference;
			lastKnownFileType = wrapper.framework;
			name = PreferencePanes.framework;
			path = /System/Library/Frameworks/PreferencePanes.framework;
			refType = 0;
			sourceTree = "<absolute>";
		};
		144BC7CA05EE5C84006397BC = {
			fileRef = 144BC7C905EE5C84006397BC;
			isa = PBXBuildFile;
			settings = {
			};
		};
		1464B3FF05EE793C00D21A18 = {
			fileEncoding = 4;
			isa = PBXFileReference;
			lastKnownFileType = sourcecode.c.h;
			path = EncodingPreferences.h;
			refType = 4;
			sourceTree = "<group>";
		};
		1464B40005EE793C00D21A18 = {
			fileEncoding = 4;
			isa = PBXFileReference;
			lastKnownFileType = sourcecode.c.objc;
			path = EncodingPreferences.m;
			refType = 4;
			sourceTree = "<group>";
		};
		1464B40105EE793C00D21A18 = {
			fileRef = 1464B3FF05EE793C00D21A18;
			isa = PBXBuildFile;
			settings = {
			};
		};
		1464B40205EE793C00D21A18 = {
			fileRef = 1464B40005EE793C00D21A18;
			isa = PBXBuildFile;
			settings = {
			};
		};
		1464B40305EE79D600D21A18 = {
			isa = PBXFileReference;
			lastKnownFileType = wrapper.nib;
			name = English;
			path = English.lproj/EncodingPrefs.nib;
			refType = 4;
			sourceTree = "<group>";
		};
		1464B40505EE79E100D21A18 = {
			children = (
				1464B40305EE79D600D21A18,
			);
			isa = PBXVariantGroup;
			name = EncodingPrefs.nib;
			refType = 4;
			sourceTree = "<group>";
		};
		1464B40605EE79E100D21A18 = {
			fileRef = 1464B40505EE79E100D21A18;
			isa = PBXBuildFile;
			settings = {
			};
		};
//140
//141
//142
//143
//144
//190
//191
//192
//193
//194
		19C28FB0FE9D524F11CA2CBB = {
			children = (
				8D15AC370486D014006FF6A4,
			);
			isa = PBXGroup;
			name = Products;
			refType = 4;
			sourceTree = "<group>";
		};
//190
//191
//192
//193
//194
//2A0
//2A1
//2A2
//2A3
//2A4
		2A37F4A9FDCFA73011CA2CEA = {
			buildSettings = {
			};
			buildStyles = (
				4A9504D0FFE6A4CB11CA0CBA,
				4A9504D1FFE6A4CB11CA0CBA,
			);
			hasScannedForEncodings = 1;
			isa = PBXProject;
			mainGroup = 2A37F4AAFDCFA73011CA2CEA;
			projectDirPath = "";
			targets = (
				8D15AC270486D014006FF6A4,
			);
		};
		2A37F4AAFDCFA73011CA2CEA = {
			children = (
				2A37F4ABFDCFA73011CA2CEA,
				5EEB176D05ECF6DA00C17677,
				143C35DB05ECAC32008C6DFE,
				2A37F4AFFDCFA73011CA2CEA,
				2A37F4B8FDCFA73011CA2CEA,
				2A37F4C3FDCFA73011CA2CEA,
				19C28FB0FE9D524F11CA2CBB,
			);
			isa = PBXGroup;
			name = SubEthaEdit;
			path = "";
			refType = 4;
			sourceTree = "<group>";
		};
		2A37F4ABFDCFA73011CA2CEA = {
			children = (
				143C360C05ECCEE8008C6DFE,
				143C360D05ECCEE8008C6DFE,
				144BC77105EE26B0006397BC,
				144BC77205EE26B0006397BC,
				1464B3FF05EE793C00D21A18,
				1464B40005EE793C00D21A18,
				2A37F4AEFDCFA73011CA2CEA,
				2A37F4ACFDCFA73011CA2CEA,
				5EEB185505ED0E1600C17677,
				5EEB185605ED0E1600C17677,
				144BC39005EDFDB1006397BC,
				144BC39105EDFDB1006397BC,
				144BC76505EE1F21006397BC,
				144BC76605EE1F21006397BC,
				5EEB186005ED1CBB00C17677,
				5EEB186105ED1CBB00C17677,
			);
			isa = PBXGroup;
			name = Classes;
			path = "";
			refType = 4;
			sourceTree = "<group>";
		};
		2A37F4ACFDCFA73011CA2CEA = {
			fileEncoding = 30;
			isa = PBXFileReference;
			lastKnownFileType = sourcecode.c.objc;
			path = MyDocument.m;
			refType = 4;
			sourceTree = "<group>";
		};
		2A37F4AEFDCFA73011CA2CEA = {
			fileEncoding = 30;
			isa = PBXFileReference;
			lastKnownFileType = sourcecode.c.h;
			path = MyDocument.h;
			refType = 4;
			sourceTree = "<group>";
		};
		2A37F4AFFDCFA73011CA2CEA = {
			children = (
				143C360005ECB200008C6DFE,
				143C360105ECB200008C6DFE,
				143C360205ECB200008C6DFE,
				143C360305ECB200008C6DFE,
				32DBCF750370BD2300C91783,
				2A37F4B0FDCFA73011CA2CEA,
			);
			isa = PBXGroup;
			name = "Other Sources";
			path = "";
			refType = 4;
			sourceTree = "<group>";
		};
		2A37F4B0FDCFA73011CA2CEA = {
			fileEncoding = 30;
			isa = PBXFileReference;
			lastKnownFileType = sourcecode.c.objc;
			path = main.m;
			refType = 4;
			sourceTree = "<group>";
		};
		2A37F4B4FDCFA73011CA2CEA = {
			children = (
				2A37F4B5FDCFA73011CA2CEA,
			);
			isa = PBXVariantGroup;
			name = MyDocument.nib;
			path = "";
			refType = 4;
			sourceTree = "<group>";
		};
		2A37F4B5FDCFA73011CA2CEA = {
			isa = PBXFileReference;
			lastKnownFileType = wrapper.nib;
			name = English;
			path = English.lproj/MyDocument.nib;
			refType = 4;
			sourceTree = "<group>";
		};
		2A37F4B6FDCFA73011CA2CEA = {
			children = (
				2A37F4B7FDCFA73011CA2CEA,
			);
			isa = PBXVariantGroup;
			name = MainMenu.nib;
			path = "";
			refType = 4;
			sourceTree = "<group>";
		};
		2A37F4B7FDCFA73011CA2CEA = {
			isa = PBXFileReference;
			lastKnownFileType = wrapper.nib;
			name = English;
			path = English.lproj/MainMenu.nib;
			refType = 4;
			sourceTree = "<group>";
		};
		2A37F4B8FDCFA73011CA2CEA = {
			children = (
				5EEB176705ECDC0C00C17677,
				2A37F4B9FDCFA73011CA2CEA,
				2A37F4B6FDCFA73011CA2CEA,
				5EEB185B05ED0F3700C17677,
				2A37F4B4FDCFA73011CA2CEA,
				144BC39405EDFF60006397BC,
				1464B40505EE79E100D21A18,
				144BC7C305EE43B6006397BC,
				8D15AC360486D014006FF6A4,
				089C165FFE840EACC02AAC07,
			);
			isa = PBXGroup;
			name = Resources;
			path = "";
			refType = 4;
			sourceTree = "<group>";
		};
		2A37F4B9FDCFA73011CA2CEA = {
			children = (
				2A37F4BAFDCFA73011CA2CEA,
			);
			isa = PBXVariantGroup;
			name = Credits.rtf;
			path = "";
			refType = 4;
			sourceTree = "<group>";
		};
		2A37F4BAFDCFA73011CA2CEA = {
			isa = PBXFileReference;
			lastKnownFileType = text.rtf;
			name = English;
			path = English.lproj/Credits.rtf;
			refType = 4;
			sourceTree = "<group>";
		};
		2A37F4C3FDCFA73011CA2CEA = {
			children = (
				1058C7A6FEA54F5311CA2CBB,
				1058C7A8FEA54F5311CA2CBB,
			);
			isa = PBXGroup;
			name = Frameworks;
			path = "";
			refType = 4;
			sourceTree = "<group>";
		};
		2A37F4C4FDCFA73011CA2CEA = {
			fallbackIsa = PBXFileReference;
			isa = PBXFrameworkReference;
			lastKnownFileType = wrapper.framework;
			name = AppKit.framework;
			path = /System/Library/Frameworks/AppKit.framework;
			refType = 0;
			sourceTree = "<absolute>";
		};
		2A37F4C5FDCFA73011CA2CEA = {
			fallbackIsa = PBXFileReference;
			isa = PBXFrameworkReference;
			lastKnownFileType = wrapper.framework;
			name = Foundation.framework;
			path = /System/Library/Frameworks/Foundation.framework;
			refType = 0;
			sourceTree = "<absolute>";
		};
//2A0
//2A1
//2A2
//2A3
//2A4
//320
//321
//322
//323
//324
		32DBCF750370BD2300C91783 = {
			fileEncoding = 4;
			isa = PBXFileReference;
			lastKnownFileType = sourcecode.c.h;
			path = SubEthaEdit_Prefix.pch;
			refType = 4;
			sourceTree = "<group>";
		};
//320
//321
//322
//323
//324
//4A0
//4A1
//4A2
//4A3
//4A4
		4A9504D0FFE6A4CB11CA0CBA = {
			buildRules = (
			);
			buildSettings = {
				COPY_PHASE_STRIP = NO;
				DEBUGGING_SYMBOLS = YES;
				GCC_DYNAMIC_NO_PIC = NO;
				GCC_ENABLE_FIX_AND_CONTINUE = YES;
				GCC_GENERATE_DEBUGGING_SYMBOLS = YES;
				GCC_OPTIMIZATION_LEVEL = 0;
				OPTIMIZATION_CFLAGS = "-O0";
				ZERO_LINK = YES;
			};
			isa = PBXBuildStyle;
			name = Development;
		};
		4A9504D1FFE6A4CB11CA0CBA = {
			buildRules = (
			);
			buildSettings = {
				COPY_PHASE_STRIP = YES;
				GCC_ENABLE_FIX_AND_CONTINUE = NO;
				ZERO_LINK = NO;
			};
			isa = PBXBuildStyle;
			name = Deployment;
		};
//4A0
//4A1
//4A2
//4A3
//4A4
//5E0
//5E1
//5E2
//5E3
//5E4
		5EAD69AA05EE5F5300E75BFF = {
			isa = PBXFileReference;
			lastKnownFileType = wrapper.framework;
			name = AddressBook.framework;
			path = /System/Library/Frameworks/AddressBook.framework;
			refType = 0;
			sourceTree = "<absolute>";
		};
		5EAD69AB05EE5F5300E75BFF = {
			fileRef = 5EAD69AA05EE5F5300E75BFF;
			isa = PBXBuildFile;
			settings = {
			};
		};
		5EEB176705ECDC0C00C17677 = {
			children = (
				5EEB176805ECDC1600C17677,
				144BC77505EE279B006397BC,
			);
			isa = PBXGroup;
			name = artwork;
			refType = 4;
			sourceTree = "<group>";
		};
		5EEB176805ECDC1600C17677 = {
			isa = PBXFileReference;
			lastKnownFileType = image.icns;
			name = SubEthaEdit.icns;
			path = artwork/SubEthaEdit.icns;
			refType = 4;
			sourceTree = "<group>";
		};
		5EEB176905ECDC1600C17677 = {
			fileRef = 5EEB176805ECDC1600C17677;
			isa = PBXBuildFile;
			settings = {
			};
		};
		5EEB176D05ECF6DA00C17677 = {
			children = (
				5EEB177005ECF6F700C17677,
				5EEB177105ECF6F700C17677,
				5EEB177605ECF8D300C17677,
				5EEB177705ECF8D300C17677,
			);
			isa = PBXGroup;
			path = TCMMillionMonkeys;
			refType = 4;
			sourceTree = "<group>";
		};
		5EEB177005ECF6F700C17677 = {
			fileEncoding = 4;
			isa = PBXFileReference;
			lastKnownFileType = sourcecode.c.h;
			path = TCMMMUserManager.h;
			refType = 4;
			sourceTree = "<group>";
		};
		5EEB177105ECF6F700C17677 = {
			fileEncoding = 4;
			isa = PBXFileReference;
			lastKnownFileType = sourcecode.c.objc;
			path = TCMMMUserManager.m;
			refType = 4;
			sourceTree = "<group>";
		};
		5EEB177205ECF6F700C17677 = {
			fileRef = 5EEB177005ECF6F700C17677;
			isa = PBXBuildFile;
			settings = {
			};
		};
		5EEB177305ECF6F700C17677 = {
			fileRef = 5EEB177105ECF6F700C17677;
			isa = PBXBuildFile;
			settings = {
			};
		};
		5EEB177605ECF8D300C17677 = {
			fileEncoding = 4;
			isa = PBXFileReference;
			lastKnownFileType = sourcecode.c.h;
			path = TCMMMUser.h;
			refType = 4;
			sourceTree = "<group>";
		};
		5EEB177705ECF8D300C17677 = {
			fileEncoding = 4;
			isa = PBXFileReference;
			lastKnownFileType = sourcecode.c.objc;
			path = TCMMMUser.m;
			refType = 4;
			sourceTree = "<group>";
		};
		5EEB177805ECF8D300C17677 = {
			fileRef = 5EEB177605ECF8D300C17677;
			isa = PBXBuildFile;
			settings = {
			};
		};
		5EEB177905ECF8D300C17677 = {
			fileRef = 5EEB177705ECF8D300C17677;
			isa = PBXBuildFile;
			settings = {
			};
		};
		5EEB185505ED0E1600C17677 = {
			fileEncoding = 4;
			isa = PBXFileReference;
			lastKnownFileType = sourcecode.c.h;
			path = RendezvousBrowserController.h;
			refType = 4;
			sourceTree = "<group>";
		};
		5EEB185605ED0E1600C17677 = {
			fileEncoding = 4;
			isa = PBXFileReference;
			lastKnownFileType = sourcecode.c.objc;
			path = RendezvousBrowserController.m;
			refType = 4;
			sourceTree = "<group>";
		};
		5EEB185705ED0E1600C17677 = {
			fileRef = 5EEB185505ED0E1600C17677;
			isa = PBXBuildFile;
			settings = {
			};
		};
		5EEB185805ED0E1600C17677 = {
			fileRef = 5EEB185605ED0E1600C17677;
			isa = PBXBuildFile;
			settings = {
			};
		};
		5EEB185B05ED0F3700C17677 = {
			children = (
				5EEB185C05ED0F3700C17677,
			);
			isa = PBXVariantGroup;
			name = RendezvousBrowser.nib;
			path = "";
			refType = 4;
			sourceTree = "<group>";
		};
		5EEB185C05ED0F3700C17677 = {
			isa = PBXFileReference;
			lastKnownFileType = wrapper.nib;
			name = English;
			path = English.lproj/RendezvousBrowser.nib;
			refType = 4;
			sourceTree = "<group>";
		};
		5EEB185D05ED0F3700C17677 = {
			fileRef = 5EEB185B05ED0F3700C17677;
			isa = PBXBuildFile;
			settings = {
			};
		};
		5EEB186005ED1CBB00C17677 = {
			fileEncoding = 4;
			isa = PBXFileReference;
			lastKnownFileType = sourcecode.c.h;
			path = TCMRendezvousBrowser.h;
			refType = 4;
			sourceTree = "<group>";
		};
		5EEB186105ED1CBB00C17677 = {
			fileEncoding = 4;
			isa = PBXFileReference;
			lastKnownFileType = sourcecode.c.objc;
			path = TCMRendezvousBrowser.m;
			refType = 4;
			sourceTree = "<group>";
		};
		5EEB186205ED1CBB00C17677 = {
			fileRef = 5EEB186005ED1CBB00C17677;
			isa = PBXBuildFile;
			settings = {
			};
		};
		5EEB186305ED1CBB00C17677 = {
			fileRef = 5EEB186105ED1CBB00C17677;
			isa = PBXBuildFile;
			settings = {
			};
		};
		5EEB186605ED1EBE00C17677 = {
			fileEncoding = 30;
			isa = PBXFileReference;
			lastKnownFileType = sourcecode.c.objc;
			path = TCMBEEPListener.m;
			refType = 4;
			sourceTree = "<group>";
		};
		5EEB186705ED1EBE00C17677 = {
			fileEncoding = 30;
			isa = PBXFileReference;
			lastKnownFileType = sourcecode.c.objc;
			path = TCMBEEPManagementProfile.m;
			refType = 4;
			sourceTree = "<group>";
		};
		5EEB186805ED1EBE00C17677 = {
			fileEncoding = 30;
			isa = PBXFileReference;
			lastKnownFileType = sourcecode.c.h;
			path = TCMBEEPMessage.h;
			refType = 4;
			sourceTree = "<group>";
		};
		5EEB186905ED1EBE00C17677 = {
			fileEncoding = 30;
			isa = PBXFileReference;
			lastKnownFileType = sourcecode.c.objc;
			path = TCMBEEPFrame.m;
			refType = 4;
			sourceTree = "<group>";
		};
		5EEB186A05ED1EBE00C17677 = {
			fileEncoding = 30;
			isa = PBXFileReference;
			lastKnownFileType = sourcecode.c.objc;
			path = TCMBEEPMessage.m;
			refType = 4;
			sourceTree = "<group>";
		};
		5EEB186B05ED1EBE00C17677 = {
			fileEncoding = 30;
			isa = PBXFileReference;
			lastKnownFileType = sourcecode.c.h;
			path = TCMBEEPSession.h;
			refType = 4;
			sourceTree = "<group>";
		};
		5EEB186C05ED1EBE00C17677 = {
			fileEncoding = 30;
			isa = PBXFileReference;
			lastKnownFileType = sourcecode.c.h;
			path = TCMBEEPChannel.h;
			refType = 4;
			sourceTree = "<group>";
		};
		5EEB186D05ED1EBE00C17677 = {
			fileEncoding = 30;
			isa = PBXFileReference;
			lastKnownFileType = sourcecode.c.h;
			path = TCMBEEPFrame.h;
			refType = 4;
			sourceTree = "<group>";
		};
		5EEB186E05ED1EBE00C17677 = {
			fileEncoding = 30;
			isa = PBXFileReference;
			lastKnownFileType = sourcecode.c.h;
			path = TCMBEEPProfile.h;
			refType = 4;
			sourceTree = "<group>";
		};
		5EEB186F05ED1EBE00C17677 = {
			fileEncoding = 30;
			isa = PBXFileReference;
			lastKnownFileType = sourcecode.c.h;
			path = TCMBEEPListener.h;
			refType = 4;
			sourceTree = "<group>";
		};
		5EEB187005ED1EBE00C17677 = {
			fileEncoding = 30;
			isa = PBXFileReference;
			lastKnownFileType = sourcecode.c.h;
			path = TCMBEEPManagementProfile.h;
			refType = 4;
			sourceTree = "<group>";
		};
		5EEB187105ED1EBE00C17677 = {
			fileEncoding = 30;
			isa = PBXFileReference;
			lastKnownFileType = sourcecode.c.objc;
			path = TCMBEEPChannel.m;
			refType = 4;
			sourceTree = "<group>";
		};
		5EEB187205ED1EBE00C17677 = {
			fileEncoding = 30;
			isa = PBXFileReference;
			lastKnownFileType = sourcecode.c.objc;
			path = TCMBEEPSession.m;
			refType = 4;
			sourceTree = "<group>";
		};
		5EEB187305ED1EBF00C17677 = {
			fileRef = 5EEB186605ED1EBE00C17677;
			isa = PBXBuildFile;
			settings = {
			};
		};
		5EEB187405ED1EBF00C17677 = {
			fileRef = 5EEB186705ED1EBE00C17677;
			isa = PBXBuildFile;
			settings = {
			};
		};
		5EEB187505ED1EBF00C17677 = {
			fileRef = 5EEB186805ED1EBE00C17677;
			isa = PBXBuildFile;
			settings = {
			};
		};
		5EEB187605ED1EBF00C17677 = {
			fileRef = 5EEB186905ED1EBE00C17677;
			isa = PBXBuildFile;
			settings = {
			};
		};
		5EEB187705ED1EBF00C17677 = {
			fileRef = 5EEB186A05ED1EBE00C17677;
			isa = PBXBuildFile;
			settings = {
			};
		};
		5EEB187805ED1EBF00C17677 = {
			fileRef = 5EEB186B05ED1EBE00C17677;
			isa = PBXBuildFile;
			settings = {
			};
		};
		5EEB187905ED1EBF00C17677 = {
			fileRef = 5EEB186C05ED1EBE00C17677;
			isa = PBXBuildFile;
			settings = {
			};
		};
		5EEB187A05ED1EBF00C17677 = {
			fileRef = 5EEB186D05ED1EBE00C17677;
			isa = PBXBuildFile;
			settings = {
			};
		};
		5EEB187B05ED1EBF00C17677 = {
			fileRef = 5EEB186E05ED1EBE00C17677;
			isa = PBXBuildFile;
			settings = {
			};
		};
		5EEB187C05ED1EBF00C17677 = {
			fileRef = 5EEB186F05ED1EBE00C17677;
			isa = PBXBuildFile;
			settings = {
			};
		};
		5EEB187D05ED1EBF00C17677 = {
			fileRef = 5EEB187005ED1EBE00C17677;
			isa = PBXBuildFile;
			settings = {
			};
		};
		5EEB187E05ED1EBF00C17677 = {
			fileRef = 5EEB187105ED1EBE00C17677;
			isa = PBXBuildFile;
			settings = {
			};
		};
		5EEB187F05ED1EBF00C17677 = {
			fileRef = 5EEB187205ED1EBE00C17677;
			isa = PBXBuildFile;
			settings = {
			};
		};
		5EEB188005ED1F0500C17677 = {
			fileEncoding = 30;
			isa = PBXFileReference;
			lastKnownFileType = sourcecode.c.h;
			path = TCMBEEP.h;
			refType = 4;
			sourceTree = "<group>";
		};
		5EEB188105ED1F0500C17677 = {
			fileRef = 5EEB188005ED1F0500C17677;
			isa = PBXBuildFile;
			settings = {
			};
		};
//5E0
//5E1
//5E2
//5E3
//5E4
//8D0
//8D1
//8D2
//8D3
//8D4
		8D15AC270486D014006FF6A4 = {
			buildPhases = (
				8D15AC280486D014006FF6A4,
				8D15AC2B0486D014006FF6A4,
				8D15AC300486D014006FF6A4,
				8D15AC330486D014006FF6A4,
			);
			buildRules = (
			);
			buildSettings = {
				FRAMEWORK_SEARCH_PATHS = "";
				GCC_ENABLE_TRIGRAPHS = NO;
				GCC_GENERATE_DEBUGGING_SYMBOLS = NO;
				GCC_PRECOMPILE_PREFIX_HEADER = YES;
				GCC_PREFIX_HEADER = SubEthaEdit_Prefix.pch;
				GCC_WARN_ABOUT_MISSING_PROTOTYPES = NO;
				GCC_WARN_FOUR_CHARACTER_CONSTANTS = NO;
				GCC_WARN_UNKNOWN_PRAGMAS = NO;
				HEADER_SEARCH_PATHS = "";
				INFOPLIST_FILE = Info.plist;
				INSTALL_PATH = "$(HOME)/Applications";
				LIBRARY_SEARCH_PATHS = "";
				OTHER_CFLAGS = "";
				OTHER_LDFLAGS = "";
				PRODUCT_NAME = SubEthaEdit;
				SECTORDER_FLAGS = "";
				WARNING_CFLAGS = "-Wmost -Wno-four-char-constants -Wno-unknown-pragmas";
				WRAPPER_EXTENSION = app;
			};
			dependencies = (
			);
			isa = PBXNativeTarget;
			name = SubEthaEdit;
			productInstallPath = "$(HOME)/Applications";
			productName = SubEthaEdit;
			productReference = 8D15AC370486D014006FF6A4;
			productType = "com.apple.product-type.application";
		};
		8D15AC280486D014006FF6A4 = {
			buildActionMask = 2147483647;
			files = (
				8D15AC290486D014006FF6A4,
				8D15AC2A0486D014006FF6A4,
				143C360405ECB200008C6DFE,
				143C360605ECB200008C6DFE,
				143C360E05ECCEE8008C6DFE,
				5EEB177205ECF6F700C17677,
				5EEB177805ECF8D300C17677,
				5EEB185705ED0E1600C17677,
				5EEB186205ED1CBB00C17677,
				5EEB187505ED1EBF00C17677,
				5EEB187805ED1EBF00C17677,
				5EEB187905ED1EBF00C17677,
				5EEB187A05ED1EBF00C17677,
				5EEB187B05ED1EBF00C17677,
				5EEB187C05ED1EBF00C17677,
				5EEB187D05ED1EBF00C17677,
				5EEB188105ED1F0500C17677,
				144BC39205EDFDB1006397BC,
				144BC76705EE1F21006397BC,
				144BC77305EE26B0006397BC,
				1464B40105EE793C00D21A18,
			);
			isa = PBXHeadersBuildPhase;
			runOnlyForDeploymentPostprocessing = 0;
		};
		8D15AC290486D014006FF6A4 = {
			fileRef = 32DBCF750370BD2300C91783;
			isa = PBXBuildFile;
			settings = {
			};
		};
		8D15AC2A0486D014006FF6A4 = {
			fileRef = 2A37F4AEFDCFA73011CA2CEA;
			isa = PBXBuildFile;
			settings = {
			};
		};
		8D15AC2B0486D014006FF6A4 = {
			buildActionMask = 2147483647;
			files = (
				8D15AC2C0486D014006FF6A4,
				8D15AC2D0486D014006FF6A4,
				8D15AC2E0486D014006FF6A4,
				8D15AC2F0486D014006FF6A4,
				5EEB176905ECDC1600C17677,
				5EEB185D05ED0F3700C17677,
				144BC39605EDFF60006397BC,
				144BC77605EE279B006397BC,
				144BC7C405EE43B6006397BC,
				1464B40605EE79E100D21A18,
			);
			isa = PBXResourcesBuildPhase;
			runOnlyForDeploymentPostprocessing = 0;
		};
		8D15AC2C0486D014006FF6A4 = {
			fileRef = 2A37F4B9FDCFA73011CA2CEA;
			isa = PBXBuildFile;
			settings = {
			};
		};
		8D15AC2D0486D014006FF6A4 = {
			fileRef = 2A37F4B6FDCFA73011CA2CEA;
			isa = PBXBuildFile;
			settings = {
			};
		};
		8D15AC2E0486D014006FF6A4 = {
			fileRef = 2A37F4B4FDCFA73011CA2CEA;
			isa = PBXBuildFile;
			settings = {
			};
		};
		8D15AC2F0486D014006FF6A4 = {
			fileRef = 089C165FFE840EACC02AAC07;
			isa = PBXBuildFile;
			settings = {
			};
		};
		8D15AC300486D014006FF6A4 = {
			buildActionMask = 2147483647;
			files = (
				8D15AC310486D014006FF6A4,
				8D15AC320486D014006FF6A4,
				143C360505ECB200008C6DFE,
				143C360705ECB200008C6DFE,
				143C360F05ECCEE8008C6DFE,
				5EEB177305ECF6F700C17677,
				5EEB177905ECF8D300C17677,
				5EEB185805ED0E1600C17677,
				5EEB186305ED1CBB00C17677,
				5EEB187305ED1EBF00C17677,
				5EEB187405ED1EBF00C17677,
				5EEB187605ED1EBF00C17677,
				5EEB187705ED1EBF00C17677,
				5EEB187E05ED1EBF00C17677,
				5EEB187F05ED1EBF00C17677,
				144BC39305EDFDB1006397BC,
				144BC76805EE1F21006397BC,
				144BC77405EE26B0006397BC,
				1464B40205EE793C00D21A18,
			);
			isa = PBXSourcesBuildPhase;
			runOnlyForDeploymentPostprocessing = 0;
		};
		8D15AC310486D014006FF6A4 = {
			fileRef = 2A37F4ACFDCFA73011CA2CEA;
			isa = PBXBuildFile;
			settings = {
				ATTRIBUTES = (
				);
			};
		};
		8D15AC320486D014006FF6A4 = {
			fileRef = 2A37F4B0FDCFA73011CA2CEA;
			isa = PBXBuildFile;
			settings = {
				ATTRIBUTES = (
				);
			};
		};
		8D15AC330486D014006FF6A4 = {
			buildActionMask = 2147483647;
			files = (
				8D15AC340486D014006FF6A4,
				144BC7CA05EE5C84006397BC,
				5EAD69AB05EE5F5300E75BFF,
			);
			isa = PBXFrameworksBuildPhase;
			runOnlyForDeploymentPostprocessing = 0;
		};
		8D15AC340486D014006FF6A4 = {
			fileRef = 1058C7A7FEA54F5311CA2CBB;
			isa = PBXBuildFile;
			settings = {
			};
		};
		8D15AC360486D014006FF6A4 = {
			fileEncoding = 4;
			isa = PBXFileReference;
			lastKnownFileType = text.plist;
			path = Info.plist;
			refType = 4;
			sourceTree = "<group>";
		};
		8D15AC370486D014006FF6A4 = {
			explicitFileType = wrapper.application;
			includeInIndex = 0;
			isa = PBXFileReference;
			path = SubEthaEdit.app;
			refType = 3;
			sourceTree = BUILT_PRODUCTS_DIR;
		};
	};
	rootObject = 2A37F4A9FDCFA73011CA2CEA;
}
