// !$*UTF8*$!
{
	archiveVersion = 1;
	classes = {
	};
	objectVersion = 39;
	objects = {
		089C165FFE840EACC02AAC07 = {
			children = (
				089C1660FE840EACC02AAC07,
			);
			isa = PBXVariantGroup;
			name = InfoPlist.strings;
			refType = 4;
			sourceTree = "<group>";
		};
		089C1660FE840EACC02AAC07 = {
			fileEncoding = 10;
			isa = PBXFileReference;
			lastKnownFileType = text.plist.strings;
			name = English;
			path = English.lproj/InfoPlist.strings;
			refType = 4;
			sourceTree = "<group>";
		};
//080
//081
//082
//083
//084
//100
//101
//102
//103
//104
		1058C7A6FEA54F5311CA2CBB = {
			children = (
				31B738E40611C6330004F28D,
				5EAD69AA05EE5F5300E75BFF,
				144DD73B061049D90047D354,
				1058C7A7FEA54F5311CA2CBB,
				144BC7C905EE5C84006397BC,
				14AE9D6B05F610EB0025CADE,
			);
			isa = PBXGroup;
			name = "Linked Frameworks";
			refType = 4;
			sourceTree = "<group>";
		};
		1058C7A7FEA54F5311CA2CBB = {
			fallbackIsa = PBXFileReference;
			isa = PBXFrameworkReference;
			lastKnownFileType = wrapper.framework;
			name = Cocoa.framework;
			path = /System/Library/Frameworks/Cocoa.framework;
			refType = 0;
			sourceTree = "<absolute>";
		};
		1058C7A8FEA54F5311CA2CBB = {
			children = (
				14AE9CB605F60C570025CADE,
				14AE9CB705F60C570025CADE,
				2A37F4C5FDCFA73011CA2CEA,
				2A37F4C4FDCFA73011CA2CEA,
			);
			isa = PBXGroup;
			name = "Other Frameworks";
			refType = 4;
			sourceTree = "<group>";
		};
//100
//101
//102
//103
//104
//140
//141
//142
//143
//144
		14006965060C64F60060F71E = {
			fileEncoding = 4;
			isa = PBXFileReference;
			lastKnownFileType = text;
			path = SubEthaEdit.sdef;
			refType = 4;
			sourceTree = "<group>";
		};
		14006966060C64F60060F71E = {
			fileRef = 14006965060C64F60060F71E;
			isa = PBXBuildFile;
			settings = {
			};
		};
		14006969060C65430060F71E = {
			fileEncoding = 30;
			isa = PBXFileReference;
			lastKnownFileType = text.plist.xml;
			path = SubEthaEditSuite.scriptSuite;
			refType = 4;
			sourceTree = "<group>";
		};
		1400696A060C65430060F71E = {
			fileEncoding = 30;
			isa = PBXFileReference;
			lastKnownFileType = text.plist.xml;
			path = SubEthaEditSuite.scriptTerminology;
			refType = 4;
			sourceTree = "<group>";
		};
		1400696B060C65430060F71E = {
			fileRef = 14006969060C65430060F71E;
			isa = PBXBuildFile;
			settings = {
			};
		};
		1400696C060C65430060F71E = {
			fileRef = 1400696A060C65430060F71E;
			isa = PBXBuildFile;
			settings = {
			};
		};
		141080DA05FE2EC800A4463D = {
			fileEncoding = 4;
			isa = PBXFileReference;
			lastKnownFileType = sourcecode.c.h;
			path = SessionProfile.h;
			refType = 4;
			sourceTree = "<group>";
		};
		141080DB05FE2EC800A4463D = {
			fileEncoding = 4;
			isa = PBXFileReference;
			lastKnownFileType = sourcecode.c.objc;
			path = SessionProfile.m;
			refType = 4;
			sourceTree = "<group>";
		};
		141080DC05FE2EC800A4463D = {
			fileRef = 141080DA05FE2EC800A4463D;
			isa = PBXBuildFile;
			settings = {
			};
		};
		141080DD05FE2EC800A4463D = {
			fileRef = 141080DB05FE2EC800A4463D;
			isa = PBXBuildFile;
			settings = {
			};
		};
		141084A705FE345800A4463D = {
			fileEncoding = 4;
			isa = PBXFileReference;
			lastKnownFileType = sourcecode.c.h;
			path = TCMMillionMonkeys.h;
			refType = 4;
			sourceTree = "<group>";
		};
		141084A805FE345800A4463D = {
			fileRef = 141084A705FE345800A4463D;
			isa = PBXBuildFile;
			settings = {
			};
		};
		14249EFB05FC826400D8C6B9 = {
			fileEncoding = 4;
			isa = PBXFileReference;
			lastKnownFileType = sourcecode.c.h;
			path = TCMMMSession.h;
			refType = 4;
			sourceTree = "<group>";
		};
		14249EFC05FC826400D8C6B9 = {
			fileEncoding = 4;
			isa = PBXFileReference;
			lastKnownFileType = sourcecode.c.objc;
			path = TCMMMSession.m;
			refType = 4;
			sourceTree = "<group>";
		};
		14249EFD05FC826400D8C6B9 = {
			fileRef = 14249EFB05FC826400D8C6B9;
			isa = PBXBuildFile;
			settings = {
			};
		};
		14249EFE05FC826400D8C6B9 = {
			fileRef = 14249EFC05FC826400D8C6B9;
			isa = PBXBuildFile;
			settings = {
			};
		};
		14249F5D05FCEF6000D8C6B9 = {
			fileEncoding = 4;
			isa = PBXFileReference;
			lastKnownFileType = sourcecode.c.h;
			path = TCMMMBrowserListView.h;
			refType = 4;
			sourceTree = "<group>";
		};
		14249F5E05FCEF6000D8C6B9 = {
			fileEncoding = 4;
			isa = PBXFileReference;
			lastKnownFileType = sourcecode.c.objc;
			path = TCMMMBrowserListView.m;
			refType = 4;
			sourceTree = "<group>";
		};
		14249F5F05FCEF6000D8C6B9 = {
			fileRef = 14249F5D05FCEF6000D8C6B9;
			isa = PBXBuildFile;
			settings = {
			};
		};
		14249F6005FCEF6000D8C6B9 = {
			fileRef = 14249F5E05FCEF6000D8C6B9;
			isa = PBXBuildFile;
			settings = {
			};
		};
		143C35DB05ECAC32008C6DFE = {
			children = (
				5EEB188005ED1F0500C17677,
				5EEB186C05ED1EBE00C17677,
				5EEB187105ED1EBE00C17677,
				5EEB186D05ED1EBE00C17677,
				5EEB186905ED1EBE00C17677,
				5EEB186F05ED1EBE00C17677,
				5EEB186605ED1EBE00C17677,
				5EEB187005ED1EBE00C17677,
				5EEB186705ED1EBE00C17677,
				5EEB186805ED1EBE00C17677,
				5EEB186A05ED1EBE00C17677,
				5E4F360E05EF90FF009D71ED,
				5E4F360F05EF90FF009D71ED,
				5EEB186B05ED1EBE00C17677,
				5EEB187205ED1EBE00C17677,
			);
			isa = PBXGroup;
			path = TCMBEEP;
			refType = 4;
			sourceTree = "<group>";
		};
		143C360005ECB200008C6DFE = {
			fileEncoding = 30;
			isa = PBXFileReference;
			lastKnownFileType = sourcecode.c.h;
			path = NSDictionaryTCMAdditions.h;
			refType = 4;
			sourceTree = "<group>";
		};
		143C360105ECB200008C6DFE = {
			fileEncoding = 30;
			isa = PBXFileReference;
			lastKnownFileType = sourcecode.c.objc;
			path = NSDictionaryTCMAdditions.m;
			refType = 4;
			sourceTree = "<group>";
		};
		143C360205ECB200008C6DFE = {
			fileEncoding = 30;
			isa = PBXFileReference;
			lastKnownFileType = sourcecode.c.h;
			path = NSStringTCMAdditions.h;
			refType = 4;
			sourceTree = "<group>";
		};
		143C360305ECB200008C6DFE = {
			fileEncoding = 30;
			isa = PBXFileReference;
			lastKnownFileType = sourcecode.c.objc;
			path = NSStringTCMAdditions.m;
			refType = 4;
			sourceTree = "<group>";
		};
		143C360405ECB200008C6DFE = {
			fileRef = 143C360005ECB200008C6DFE;
			isa = PBXBuildFile;
			settings = {
			};
		};
		143C360505ECB200008C6DFE = {
			fileRef = 143C360105ECB200008C6DFE;
			isa = PBXBuildFile;
			settings = {
			};
		};
		143C360605ECB200008C6DFE = {
			fileRef = 143C360205ECB200008C6DFE;
			isa = PBXBuildFile;
			settings = {
			};
		};
		143C360705ECB200008C6DFE = {
			fileRef = 143C360305ECB200008C6DFE;
			isa = PBXBuildFile;
			settings = {
			};
		};
		143C360C05ECCEE8008C6DFE = {
			fileEncoding = 4;
			isa = PBXFileReference;
			lastKnownFileType = sourcecode.c.h;
			path = AppController.h;
			refType = 4;
			sourceTree = "<group>";
		};
		143C360D05ECCEE8008C6DFE = {
			fileEncoding = 4;
			isa = PBXFileReference;
			lastKnownFileType = sourcecode.c.objc;
			path = AppController.m;
			refType = 4;
			sourceTree = "<group>";
		};
		143C360E05ECCEE8008C6DFE = {
			fileRef = 143C360C05ECCEE8008C6DFE;
			isa = PBXBuildFile;
			settings = {
			};
		};
		143C360F05ECCEE8008C6DFE = {
			fileRef = 143C360D05ECCEE8008C6DFE;
			isa = PBXBuildFile;
			settings = {
			};
		};
		1444315C0611B9E4008FDA2E = {
			fileEncoding = 4;
			isa = PBXFileReference;
			lastKnownFileType = sourcecode.c.h;
			path = TCMMMTransformator.h;
			refType = 4;
			sourceTree = "<group>";
		};
		1444315D0611B9E4008FDA2E = {
			fileEncoding = 4;
			isa = PBXFileReference;
			lastKnownFileType = sourcecode.c.objc;
			path = TCMMMTransformator.m;
			refType = 4;
			sourceTree = "<group>";
		};
		1444315E0611B9E4008FDA2E = {
			fileRef = 1444315C0611B9E4008FDA2E;
			isa = PBXBuildFile;
			settings = {
			};
		};
		1444315F0611B9E4008FDA2E = {
			fileRef = 1444315D0611B9E4008FDA2E;
			isa = PBXBuildFile;
			settings = {
			};
		};
		144BC39005EDFDB1006397BC = {
			fileEncoding = 4;
			isa = PBXFileReference;
			lastKnownFileType = sourcecode.c.h;
			path = TCMPreferenceController.h;
			refType = 4;
			sourceTree = "<group>";
		};
		144BC39105EDFDB1006397BC = {
			fileEncoding = 4;
			isa = PBXFileReference;
			lastKnownFileType = sourcecode.c.objc;
			path = TCMPreferenceController.m;
			refType = 4;
			sourceTree = "<group>";
		};
		144BC39205EDFDB1006397BC = {
			fileRef = 144BC39005EDFDB1006397BC;
			isa = PBXBuildFile;
			settings = {
			};
		};
		144BC39305EDFDB1006397BC = {
			fileRef = 144BC39105EDFDB1006397BC;
			isa = PBXBuildFile;
			settings = {
			};
		};
		144BC39505EDFF60006397BC = {
			isa = PBXFileReference;
			lastKnownFileType = wrapper.nib;
			path = Preferences.nib;
			refType = 4;
			sourceTree = "<group>";
		};
		144BC76505EE1F21006397BC = {
			fileEncoding = 4;
			isa = PBXFileReference;
			lastKnownFileType = sourcecode.c.h;
			path = TCMPreferenceModule.h;
			refType = 4;
			sourceTree = "<group>";
		};
		144BC76605EE1F21006397BC = {
			fileEncoding = 4;
			isa = PBXFileReference;
			lastKnownFileType = sourcecode.c.objc;
			path = TCMPreferenceModule.m;
			refType = 4;
			sourceTree = "<group>";
		};
		144BC76705EE1F21006397BC = {
			fileRef = 144BC76505EE1F21006397BC;
			isa = PBXBuildFile;
			settings = {
			};
		};
		144BC76805EE1F21006397BC = {
			fileRef = 144BC76605EE1F21006397BC;
			isa = PBXBuildFile;
			settings = {
			};
		};
		144BC77105EE26B0006397BC = {
			fileEncoding = 4;
			isa = PBXFileReference;
			lastKnownFileType = sourcecode.c.h;
			path = DebugPreferences.h;
			refType = 4;
			sourceTree = "<group>";
		};
		144BC77205EE26B0006397BC = {
			fileEncoding = 4;
			isa = PBXFileReference;
			lastKnownFileType = sourcecode.c.objc;
			path = DebugPreferences.m;
			refType = 4;
			sourceTree = "<group>";
		};
		144BC77305EE26B0006397BC = {
			fileRef = 144BC77105EE26B0006397BC;
			isa = PBXBuildFile;
			settings = {
			};
		};
		144BC77405EE26B0006397BC = {
			fileRef = 144BC77205EE26B0006397BC;
			isa = PBXBuildFile;
			settings = {
			};
		};
		144BC77505EE279B006397BC = {
			isa = PBXFileReference;
			lastKnownFileType = image.tiff;
			path = debug.tiff;
			refType = 4;
			sourceTree = "<group>";
		};
		144BC77605EE279B006397BC = {
			fileRef = 144BC77505EE279B006397BC;
			isa = PBXBuildFile;
			settings = {
			};
		};
		144BC7C305EE43B6006397BC = {
			isa = PBXFileReference;
			lastKnownFileType = wrapper.nib;
			path = DebugPrefs.nib;
			refType = 4;
			sourceTree = "<group>";
		};
		144BC7C405EE43B6006397BC = {
			fileRef = 144BC7C305EE43B6006397BC;
			isa = PBXBuildFile;
			settings = {
			};
		};
		144BC7C905EE5C84006397BC = {
			isa = PBXFileReference;
			lastKnownFileType = wrapper.framework;
			name = PreferencePanes.framework;
			path = /System/Library/Frameworks/PreferencePanes.framework;
			refType = 0;
			sourceTree = "<absolute>";
		};
		144BC7CA05EE5C84006397BC = {
			fileRef = 144BC7C905EE5C84006397BC;
			isa = PBXBuildFile;
			settings = {
			};
		};
		144C57AB06143E9200D1E8BF = {
			fileEncoding = 30;
			isa = PBXFileReference;
			lastKnownFileType = sourcecode.c.h;
			path = EncodingManager.h;
			refType = 4;
			sourceTree = "<group>";
		};
		144C57AC06143E9200D1E8BF = {
			fileEncoding = 30;
			isa = PBXFileReference;
			lastKnownFileType = sourcecode.c.objc;
			path = EncodingManager.m;
			refType = 4;
			sourceTree = "<group>";
		};
		144C57AD06143E9200D1E8BF = {
			fileRef = 144C57AB06143E9200D1E8BF;
			isa = PBXBuildFile;
			settings = {
			};
		};
		144C57AE06143E9200D1E8BF = {
			fileRef = 144C57AC06143E9200D1E8BF;
			isa = PBXBuildFile;
			settings = {
			};
		};
		144C57C00614404400D1E8BF = {
			children = (
				144C57C10614404400D1E8BF,
			);
			isa = PBXVariantGroup;
			name = SelectEncodingsPanel.nib;
			path = "";
			refType = 4;
			sourceTree = "<group>";
		};
		144C57C10614404400D1E8BF = {
			isa = PBXFileReference;
			lastKnownFileType = wrapper.nib;
			name = English;
			path = English.lproj/SelectEncodingsPanel.nib;
			refType = 4;
			sourceTree = "<group>";
		};
		144C57C20614404400D1E8BF = {
			fileRef = 144C57C00614404400D1E8BF;
			isa = PBXBuildFile;
			settings = {
			};
		};
		144DD73B061049D90047D354 = {
			isa = PBXFileReference;
			lastKnownFileType = wrapper.framework;
			name = AppleScriptKit.framework;
			path = /System/Library/Frameworks/AppleScriptKit.framework;
			refType = 0;
			sourceTree = "<absolute>";
		};
		144DD73C061049D90047D354 = {
			fileRef = 144DD73B061049D90047D354;
			isa = PBXBuildFile;
			settings = {
			};
		};
		144DD74906104A760047D354 = {
			buildActionMask = 2147483647;
			contextName = "";
			files = (
			);
			isSharedContext = 0;
			isa = PBXAppleScriptBuildPhase;
			runOnlyForDeploymentPostprocessing = 0;
		};
		147037FD060C642F0087BA25 = {
			buildActionMask = 2147483647;
			files = (
			);
			inputPaths = (
			);
			isa = PBXShellScriptBuildPhase;
			outputPaths = (
			);
			runOnlyForDeploymentPostprocessing = 0;
			shellPath = /bin/sh;
			shellScript = "/Developer/Tools/sdp -f st -i /Developer/Examples/Scripting\\ Definitions/NSCoreSuite.sdef -i /Developer/Examples/Scripting\\ Definitions/NSTextSuite.sdef -o . SubEthaEdit.sdef\nexit 0";
		};
		147037FE060C642F0087BA25 = {
			buildPhases = (
				147037FD060C642F0087BA25,
			);
			buildSettings = {
				OTHER_CFLAGS = "";
				OTHER_LDFLAGS = "";
				OTHER_REZFLAGS = "";
				PRODUCT_NAME = "Process sdef";
				SECTORDER_FLAGS = "";
				WARNING_CFLAGS = "-Wmost -Wno-four-char-constants -Wno-unknown-pragmas";
			};
			dependencies = (
			);
			isa = PBXAggregateTarget;
			name = "Process sdef";
			productName = "Process sdef";
		};
		14703803060C647B0087BA25 = {
			children = (
				14006965060C64F60060F71E,
				14006969060C65430060F71E,
				1400696A060C65430060F71E,
			);
			isa = PBXGroup;
			name = AppleScript;
			refType = 4;
			sourceTree = "<group>";
		};
		1473143006130AFC00609A01 = {
			fileEncoding = 4;
			isa = PBXFileReference;
			lastKnownFileType = sourcecode.c.h;
			path = Functions.h;
			refType = 4;
			sourceTree = "<group>";
		};
		1473143106130AFC00609A01 = {
			fileEncoding = 4;
			isa = PBXFileReference;
			lastKnownFileType = sourcecode.c.objc;
			path = Functions.m;
			refType = 4;
			sourceTree = "<group>";
		};
		1473143206130AFC00609A01 = {
			fileRef = 1473143006130AFC00609A01;
			isa = PBXBuildFile;
			settings = {
			};
		};
		1473143306130AFC00609A01 = {
			fileRef = 1473143106130AFC00609A01;
			isa = PBXBuildFile;
			settings = {
			};
		};
		1482A67705EFC1D200BC7434 = {
			fileEncoding = 10;
			isa = PBXFileReference;
			lastKnownFileType = text.plist.strings;
			name = English;
			path = English.lproj/Preferences.strings;
			refType = 4;
			sourceTree = "<group>";
		};
		1482A67905EFC1E100BC7434 = {
			children = (
				1482A67705EFC1D200BC7434,
			);
			isa = PBXVariantGroup;
			name = Preferences.strings;
			refType = 4;
			sourceTree = "<group>";
		};
		1482A67A05EFC1E100BC7434 = {
			fileRef = 1482A67905EFC1E100BC7434;
			isa = PBXBuildFile;
			settings = {
			};
		};
		1482A6D205F0FD9B00BC7434 = {
			fileRef = 144BC39505EDFF60006397BC;
			isa = PBXBuildFile;
			settings = {
			};
		};
		148892A0061869A6005BDDCB = {
			fileEncoding = 4;
			isa = PBXFileReference;
			lastKnownFileType = sourcecode.c.h;
			path = GeneralPreferences.h;
			refType = 4;
			sourceTree = "<group>";
		};
		148892A1061869A6005BDDCB = {
			fileEncoding = 4;
			isa = PBXFileReference;
			lastKnownFileType = sourcecode.c.objc;
			path = GeneralPreferences.m;
			refType = 4;
			sourceTree = "<group>";
		};
		148892A2061869A6005BDDCB = {
			fileRef = 148892A0061869A6005BDDCB;
			isa = PBXBuildFile;
			settings = {
			};
		};
		148892A3061869A6005BDDCB = {
			fileRef = 148892A1061869A6005BDDCB;
			isa = PBXBuildFile;
			settings = {
			};
		};
		148892A6061869DC005BDDCB = {
			fileEncoding = 4;
			isa = PBXFileReference;
			lastKnownFileType = sourcecode.c.h;
			path = EditPreferences.h;
			refType = 4;
			sourceTree = "<group>";
		};
		148892A7061869DC005BDDCB = {
			fileEncoding = 4;
			isa = PBXFileReference;
			lastKnownFileType = sourcecode.c.objc;
			path = EditPreferences.m;
			refType = 4;
			sourceTree = "<group>";
		};
		148892A8061869DC005BDDCB = {
			fileRef = 148892A6061869DC005BDDCB;
			isa = PBXBuildFile;
			settings = {
			};
		};
		148892A9061869DC005BDDCB = {
			fileRef = 148892A7061869DC005BDDCB;
			isa = PBXBuildFile;
			settings = {
			};
		};
		148892CE06186BC3005BDDCB = {
			isa = PBXFileReference;
			lastKnownFileType = image.tiff;
			name = GeneralPrefs.tiff;
			path = artwork/GeneralPrefs.tiff;
			refType = 4;
			sourceTree = "<group>";
		};
		148892CF06186BC3005BDDCB = {
			fileRef = 148892CE06186BC3005BDDCB;
			isa = PBXBuildFile;
			settings = {
			};
		};
		148892D206186C60005BDDCB = {
			isa = PBXFileReference;
			lastKnownFileType = image.tiff;
			name = EditPrefs.tiff;
			path = artwork/EditPrefs.tiff;
			refType = 4;
			sourceTree = "<group>";
		};
		148892D306186C60005BDDCB = {
			fileRef = 148892D206186C60005BDDCB;
			isa = PBXBuildFile;
			settings = {
			};
		};
		148892D806186C76005BDDCB = {
			children = (
				148892D906186C76005BDDCB,
			);
			isa = PBXVariantGroup;
			name = GeneralPrefs.nib;
			path = "";
			refType = 4;
			sourceTree = "<group>";
		};
		148892D906186C76005BDDCB = {
			isa = PBXFileReference;
			lastKnownFileType = wrapper.nib;
			name = English;
			path = English.lproj/GeneralPrefs.nib;
			refType = 4;
			sourceTree = "<group>";
		};
		148892DA06186C76005BDDCB = {
			fileRef = 148892D806186C76005BDDCB;
			isa = PBXBuildFile;
			settings = {
			};
		};
		148892DB06186D6F005BDDCB = {
			isa = PBXFileReference;
			lastKnownFileType = wrapper.nib;
			name = English;
			path = English.lproj/EditPrefs.nib;
			refType = 4;
			sourceTree = "<group>";
		};
		148892DF06186D94005BDDCB = {
			children = (
				148892DB06186D6F005BDDCB,
			);
			isa = PBXVariantGroup;
			name = EditPrefs.nib;
			refType = 4;
			sourceTree = "<group>";
		};
		148892E006186D94005BDDCB = {
			fileRef = 148892DF06186D94005BDDCB;
			isa = PBXBuildFile;
			settings = {
			};
		};
		149A5C1B0600A89C0033510E = {
			isa = PBXFileReference;
			lastKnownFileType = image.icns;
			name = Participants.icns;
			path = artwork/Participants.icns;
			refType = 4;
			sourceTree = "<group>";
		};
		149A5C1C0600A89C0033510E = {
			fileRef = 149A5C1B0600A89C0033510E;
			isa = PBXBuildFile;
			settings = {
			};
		};
		14A0EF0F060B1D9C00A80FA8 = {
			fileEncoding = 4;
			isa = PBXFileReference;
			lastKnownFileType = sourcecode.c.h;
			path = TCMMMState.h;
			refType = 4;
			sourceTree = "<group>";
		};
		14A0EF10060B1D9C00A80FA8 = {
			fileEncoding = 4;
			isa = PBXFileReference;
			lastKnownFileType = sourcecode.c.objc;
			path = TCMMMState.m;
			refType = 4;
			sourceTree = "<group>";
		};
		14A0EF11060B1D9C00A80FA8 = {
			fileRef = 14A0EF0F060B1D9C00A80FA8;
			isa = PBXBuildFile;
			settings = {
			};
		};
		14A0EF12060B1D9C00A80FA8 = {
			fileRef = 14A0EF10060B1D9C00A80FA8;
			isa = PBXBuildFile;
			settings = {
			};
		};
		14A0EF15060B1DC200A80FA8 = {
			fileEncoding = 4;
			isa = PBXFileReference;
			lastKnownFileType = sourcecode.c.h;
			path = TCMMMMessage.h;
			refType = 4;
			sourceTree = "<group>";
		};
		14A0EF16060B1DC200A80FA8 = {
			fileEncoding = 4;
			isa = PBXFileReference;
			lastKnownFileType = sourcecode.c.objc;
			path = TCMMMMessage.m;
			refType = 4;
			sourceTree = "<group>";
		};
		14A0EF17060B1DC200A80FA8 = {
			fileRef = 14A0EF15060B1DC200A80FA8;
			isa = PBXBuildFile;
			settings = {
			};
		};
		14A0EF18060B1DC200A80FA8 = {
			fileRef = 14A0EF16060B1DC200A80FA8;
			isa = PBXBuildFile;
			settings = {
			};
		};
		14A0EF1B060B1DED00A80FA8 = {
			fileEncoding = 4;
			isa = PBXFileReference;
			lastKnownFileType = sourcecode.c.h;
			path = TCMMMOperation.h;
			refType = 4;
			sourceTree = "<group>";
		};
		14A0EF1C060B1DED00A80FA8 = {
			fileEncoding = 4;
			isa = PBXFileReference;
			lastKnownFileType = sourcecode.c.objc;
			path = TCMMMOperation.m;
			refType = 4;
			sourceTree = "<group>";
		};
		14A0EF1D060B1DED00A80FA8 = {
			fileRef = 14A0EF1B060B1DED00A80FA8;
			isa = PBXBuildFile;
			settings = {
			};
		};
		14A0EF1E060B1DED00A80FA8 = {
			fileRef = 14A0EF1C060B1DED00A80FA8;
			isa = PBXBuildFile;
			settings = {
			};
		};
		14A0EFB3060B410B00A80FA8 = {
			fileEncoding = 4;
			isa = PBXFileReference;
			lastKnownFileType = sourcecode.c.h;
			path = SelectionOperation.h;
			refType = 4;
			sourceTree = "<group>";
		};
		14A0EFB4060B410B00A80FA8 = {
			fileEncoding = 4;
			isa = PBXFileReference;
			lastKnownFileType = sourcecode.c.objc;
			path = SelectionOperation.m;
			refType = 4;
			sourceTree = "<group>";
		};
		14A0EFB5060B410B00A80FA8 = {
			fileRef = 14A0EFB3060B410B00A80FA8;
			isa = PBXBuildFile;
			settings = {
			};
		};
		14A0EFB6060B410B00A80FA8 = {
			fileRef = 14A0EFB4060B410B00A80FA8;
			isa = PBXBuildFile;
			settings = {
			};
		};
		14AE9CAA05F5E8F00025CADE = {
			fileEncoding = 4;
			isa = PBXFileReference;
			lastKnownFileType = sourcecode.c.h;
			path = InternetController.h;
			refType = 4;
			sourceTree = "<group>";
		};
		14AE9CAB05F5E8F00025CADE = {
			fileEncoding = 4;
			isa = PBXFileReference;
			lastKnownFileType = sourcecode.c.objc;
			path = InternetController.m;
			refType = 4;
			sourceTree = "<group>";
		};
		14AE9CAC05F5E8F00025CADE = {
			fileRef = 14AE9CAA05F5E8F00025CADE;
			isa = PBXBuildFile;
			settings = {
			};
		};
		14AE9CAD05F5E8F00025CADE = {
			fileRef = 14AE9CAB05F5E8F00025CADE;
			isa = PBXBuildFile;
			settings = {
			};
		};
		14AE9CB005F5E94C0025CADE = {
			isa = PBXFileReference;
			lastKnownFileType = wrapper.nib;
			name = English;
			path = English.lproj/Internet.nib;
			refType = 4;
			sourceTree = "<group>";
		};
		14AE9CB205F5EA050025CADE = {
			children = (
				14AE9CB005F5E94C0025CADE,
			);
			isa = PBXVariantGroup;
			name = Internet.nib;
			refType = 4;
			sourceTree = "<group>";
		};
		14AE9CB305F5EA050025CADE = {
			fileRef = 14AE9CB205F5EA050025CADE;
			isa = PBXBuildFile;
			settings = {
			};
		};
		14AE9CB605F60C570025CADE = {
			isa = PBXFileReference;
			lastKnownFileType = wrapper.framework;
			name = CoreFoundation.framework;
			path = /System/Library/Frameworks/CoreFoundation.framework;
			refType = 0;
			sourceTree = "<absolute>";
		};
		14AE9CB705F60C570025CADE = {
			isa = PBXFileReference;
			lastKnownFileType = wrapper.framework;
			name = CoreServices.framework;
			path = /System/Library/Frameworks/CoreServices.framework;
			refType = 0;
			sourceTree = "<absolute>";
		};
		14AE9D6B05F610EB0025CADE = {
			isa = PBXFileReference;
			lastKnownFileType = wrapper.framework;
			name = SystemConfiguration.framework;
			path = /System/Library/Frameworks/SystemConfiguration.framework;
			refType = 0;
			sourceTree = "<absolute>";
		};
		14AE9D6C05F610EB0025CADE = {
			fileRef = 14AE9D6B05F610EB0025CADE;
			isa = PBXBuildFile;
			settings = {
			};
		};
		14AE9ED505F618100025CADE = {
			fileEncoding = 4;
			isa = PBXFileReference;
			lastKnownFileType = sourcecode.c.h;
			path = TCMHost.h;
			refType = 4;
			sourceTree = "<group>";
		};
		14AE9ED605F618100025CADE = {
			fileEncoding = 4;
			isa = PBXFileReference;
			lastKnownFileType = sourcecode.c.objc;
			path = TCMHost.m;
			refType = 4;
			sourceTree = "<group>";
		};
		14AE9ED705F618100025CADE = {
			fileRef = 14AE9ED505F618100025CADE;
			isa = PBXBuildFile;
			settings = {
			};
		};
		14AE9ED805F618100025CADE = {
			fileRef = 14AE9ED605F618100025CADE;
			isa = PBXBuildFile;
			settings = {
			};
		};
		14B42A8B06120339002D0043 = {
			fileEncoding = 4;
			isa = PBXFileReference;
			lastKnownFileType = sourcecode.c.h;
			path = TextOperation.h;
			refType = 4;
			sourceTree = "<group>";
		};
		14B42A8C06120339002D0043 = {
			fileEncoding = 4;
			isa = PBXFileReference;
			lastKnownFileType = sourcecode.c.objc;
			path = TextOperation.m;
			refType = 4;
			sourceTree = "<group>";
		};
		14B42A8D06120339002D0043 = {
			fileRef = 14B42A8B06120339002D0043;
			isa = PBXBuildFile;
			settings = {
			};
		};
		14B42A8E06120339002D0043 = {
			fileRef = 14B42A8C06120339002D0043;
			isa = PBXBuildFile;
			settings = {
			};
		};
		14C51C6F0601C93C0030F488 = {
			fileEncoding = 4;
			isa = PBXFileReference;
			lastKnownFileType = sourcecode.c.h;
			path = ParticipantsView.h;
			refType = 4;
			sourceTree = "<group>";
		};
		14C51C700601C93C0030F488 = {
			fileEncoding = 4;
			isa = PBXFileReference;
			lastKnownFileType = sourcecode.c.objc;
			path = ParticipantsView.m;
			refType = 4;
			sourceTree = "<group>";
		};
		14C51C710601C93C0030F488 = {
			fileRef = 14C51C6F0601C93C0030F488;
			isa = PBXBuildFile;
			settings = {
			};
		};
		14C51C720601C93C0030F488 = {
			fileRef = 14C51C700601C93C0030F488;
			isa = PBXBuildFile;
			settings = {
			};
		};
		14C51C98060213490030F488 = {
			isa = PBXFileReference;
			lastKnownFileType = image.tiff;
			name = Action.tiff;
			path = artwork/Action.tiff;
			refType = 4;
			sourceTree = "<group>";
		};
		14C51C99060213490030F488 = {
			isa = PBXFileReference;
			lastKnownFileType = image.tiff;
			name = ActionPressed.tiff;
			path = artwork/ActionPressed.tiff;
			refType = 4;
			sourceTree = "<group>";
		};
		14C51C9A060213490030F488 = {
			fileRef = 14C51C98060213490030F488;
			isa = PBXBuildFile;
			settings = {
			};
		};
		14C51C9B060213490030F488 = {
			fileRef = 14C51C99060213490030F488;
			isa = PBXBuildFile;
			settings = {
			};
		};
		14C51E3706026BC70030F488 = {
			isa = PBXFileReference;
			lastKnownFileType = image.tiff;
			name = URLIcon.tiff;
			path = artwork/URLIcon.tiff;
			refType = 4;
			sourceTree = "<group>";
		};
		14C51E3806026BC70030F488 = {
			fileRef = 14C51E3706026BC70030F488;
			isa = PBXBuildFile;
			settings = {
			};
		};
		14C51E4306026F820030F488 = {
			isa = PBXFileReference;
			lastKnownFileType = image.tiff;
			name = Announce.tiff;
			path = artwork/Announce.tiff;
			refType = 4;
			sourceTree = "<group>";
		};
		14C51E4406026F820030F488 = {
			fileRef = 14C51E4306026F820030F488;
			isa = PBXBuildFile;
			settings = {
			};
		};
		14E3EACA06149C5D0083426B = {
			isa = PBXFileReference;
			lastKnownFileType = image.tiff;
			name = ScriptMenu.tiff;
			path = artwork/ScriptMenu.tiff;
			refType = 4;
			sourceTree = "<group>";
		};
		14E3EACB06149C5D0083426B = {
			fileRef = 14E3EACA06149C5D0083426B;
			isa = PBXBuildFile;
			settings = {
			};
		};
		14EA6953060F651A00D02455 = {
			isa = PBXFileReference;
			lastKnownFileType = folder;
			path = Modes;
			refType = 4;
			sourceTree = "<group>";
		};
		14EA6955060F651A00D02455 = {
			fileRef = 14EA6953060F651A00D02455;
			isa = PBXBuildFile;
			settings = {
			};
		};
//140
//141
//142
//143
//144
//190
//191
//192
//193
//194
		19C28FB0FE9D524F11CA2CBB = {
			children = (
				8D15AC370486D014006FF6A4,
			);
			isa = PBXGroup;
			name = Products;
			refType = 4;
			sourceTree = "<group>";
		};
//190
//191
//192
//193
//194
//2A0
//2A1
//2A2
//2A3
//2A4
		2A37F4A9FDCFA73011CA2CEA = {
			buildSettings = {
			};
			buildStyles = (
				4A9504D0FFE6A4CB11CA0CBA,
				4A9504D1FFE6A4CB11CA0CBA,
			);
			hasScannedForEncodings = 1;
			isa = PBXProject;
			mainGroup = 2A37F4AAFDCFA73011CA2CEA;
			projectDirPath = "";
			targets = (
				8D15AC270486D014006FF6A4,
				147037FE060C642F0087BA25,
				31DEE029061089D0001EC83E,
			);
		};
		2A37F4AAFDCFA73011CA2CEA = {
			children = (
				2A37F4ABFDCFA73011CA2CEA,
				5EEB176D05ECF6DA00C17677,
				143C35DB05ECAC32008C6DFE,
				2A37F4AFFDCFA73011CA2CEA,
				2A37F4B8FDCFA73011CA2CEA,
				2A37F4C3FDCFA73011CA2CEA,
				19C28FB0FE9D524F11CA2CBB,
			);
			isa = PBXGroup;
			name = SubEthaEdit;
			path = "";
			refType = 4;
			sourceTree = "<group>";
		};
		2A37F4ABFDCFA73011CA2CEA = {
			children = (
				5E551FBC061883BC00E6B265,
				5ED305B80601BF6C00C38815,
				143C360C05ECCEE8008C6DFE,
				143C360D05ECCEE8008C6DFE,
				5EF941F40612EC5D00C2EBFE,
				5EF941F50612EC5D00C2EBFE,
				5ECFBADA060F35F7000B47E6,
				5ECFBADB060F35F7000B47E6,
				5ECFBAE0060F3623000B47E6,
				5ECFBAE1060F3623000B47E6,
				144C57AB06143E9200D1E8BF,
				144C57AC06143E9200D1E8BF,
				5E4F360805EF8E3F009D71ED,
				5E4F360905EF8E3F009D71ED,
				14AE9CAA05F5E8F00025CADE,
				14AE9CAB05F5E8F00025CADE,
				14C51C6F0601C93C0030F488,
				14C51C700601C93C0030F488,
				5EDB862605F8AA6E0058C44A,
				5EDB862505F8AA6E0058C44A,
				5EDB87E505F8AFE30058C44A,
				5EDB87E605F8AFE30058C44A,
				5EEB185505ED0E1600C17677,
				5EEB185605ED0E1600C17677,
				14A0EFB3060B410B00A80FA8,
				14A0EFB4060B410B00A80FA8,
				141080DA05FE2EC800A4463D,
				141080DB05FE2EC800A4463D,
				5ECFBAEE060F367C000B47E6,
				5ECFBAEF060F367C000B47E6,
				5ECFBAE8060F365B000B47E6,
				5ECFBAE9060F365B000B47E6,
				14AE9ED505F618100025CADE,
				14AE9ED605F618100025CADE,
				5EEB186005ED1CBB00C17677,
				5EEB186105ED1CBB00C17677,
				14B42A8B06120339002D0043,
				14B42A8C06120339002D0043,
				5EF941D90612E31600C2EBFE,
				5EF941DA0612E31600C2EBFE,
			);
			isa = PBXGroup;
			name = Classes;
			path = "";
			refType = 4;
			sourceTree = "<group>";
		};
		2A37F4AFFDCFA73011CA2CEA = {
			children = (
				5E4F35BD05EF77C5009D71ED,
				32DBCF750370BD2300C91783,
				2A37F4B0FDCFA73011CA2CEA,
			);
			isa = PBXGroup;
			name = "Other Sources";
			path = "";
			refType = 4;
			sourceTree = "<group>";
		};
		2A37F4B0FDCFA73011CA2CEA = {
			fileEncoding = 30;
			isa = PBXFileReference;
			lastKnownFileType = sourcecode.c.objc;
			path = main.m;
			refType = 4;
			sourceTree = "<group>";
		};
		2A37F4B6FDCFA73011CA2CEA = {
			children = (
				2A37F4B7FDCFA73011CA2CEA,
			);
			isa = PBXVariantGroup;
			name = MainMenu.nib;
			path = "";
			refType = 4;
			sourceTree = "<group>";
		};
		2A37F4B7FDCFA73011CA2CEA = {
			isa = PBXFileReference;
			lastKnownFileType = wrapper.nib;
			name = English;
			path = English.lproj/MainMenu.nib;
			refType = 4;
			sourceTree = "<group>";
		};
		2A37F4B8FDCFA73011CA2CEA = {
			children = (
				14EA6953060F651A00D02455,
				14703803060C647B0087BA25,
				5EEB176705ECDC0C00C17677,
				2A37F4B9FDCFA73011CA2CEA,
				2A37F4B6FDCFA73011CA2CEA,
				5EEB185B05ED0F3700C17677,
				14AE9CB205F5EA050025CADE,
				148892DF06186D94005BDDCB,
				148892D806186C76005BDDCB,
				5EDB87E905F8B1CB0058C44A,
				144C57C00614404400D1E8BF,
				144BC39505EDFF60006397BC,
				144BC7C305EE43B6006397BC,
				8D15AC360486D014006FF6A4,
				089C165FFE840EACC02AAC07,
				1482A67905EFC1E100BC7434,
			);
			isa = PBXGroup;
			name = Resources;
			path = "";
			refType = 4;
			sourceTree = "<group>";
		};
		2A37F4B9FDCFA73011CA2CEA = {
			children = (
				2A37F4BAFDCFA73011CA2CEA,
			);
			isa = PBXVariantGroup;
			name = Credits.rtf;
			path = "";
			refType = 4;
			sourceTree = "<group>";
		};
		2A37F4BAFDCFA73011CA2CEA = {
			isa = PBXFileReference;
			lastKnownFileType = text.rtf;
			name = English;
			path = English.lproj/Credits.rtf;
			refType = 4;
			sourceTree = "<group>";
		};
		2A37F4C3FDCFA73011CA2CEA = {
			children = (
				1058C7A6FEA54F5311CA2CBB,
				1058C7A8FEA54F5311CA2CBB,
			);
			isa = PBXGroup;
			name = Frameworks;
			path = "";
			refType = 4;
			sourceTree = "<group>";
		};
		2A37F4C4FDCFA73011CA2CEA = {
			fallbackIsa = PBXFileReference;
			isa = PBXFrameworkReference;
			lastKnownFileType = wrapper.framework;
			name = AppKit.framework;
			path = /System/Library/Frameworks/AppKit.framework;
			refType = 0;
			sourceTree = "<absolute>";
		};
		2A37F4C5FDCFA73011CA2CEA = {
			fallbackIsa = PBXFileReference;
			isa = PBXFrameworkReference;
			lastKnownFileType = wrapper.framework;
			name = Foundation.framework;
			path = /System/Library/Frameworks/Foundation.framework;
			refType = 0;
			sourceTree = "<absolute>";
		};
//2A0
//2A1
//2A2
//2A3
//2A4
//310
//311
//312
//313
//314
		31B738E40611C6330004F28D = {
			isa = PBXFileReference;
			lastKnownFileType = wrapper.framework;
			name = OgreKit.framework;
			path = /Library/TCMInternal/Frameworks/OgreKit.framework;
			refType = 0;
			sourceTree = "<absolute>";
		};
		31B738E50611C6330004F28D = {
			fileRef = 31B738E40611C6330004F28D;
			isa = PBXBuildFile;
			settings = {
			};
		};
		31C995A0060F377500E3AB1E = {
			fileEncoding = 4;
			isa = PBXFileReference;
			lastKnownFileType = sourcecode.c.h;
			path = NSColorTCMAdditions.h;
			refType = 4;
			sourceTree = "<group>";
		};
		31C995A1060F377500E3AB1E = {
			fileEncoding = 4;
			isa = PBXFileReference;
			lastKnownFileType = sourcecode.c.objc;
			path = NSColorTCMAdditions.m;
			refType = 4;
			sourceTree = "<group>";
		};
		31C995A2060F377500E3AB1E = {
			fileRef = 31C995A0060F377500E3AB1E;
			isa = PBXBuildFile;
			settings = {
			};
		};
		31C995A3060F377500E3AB1E = {
			fileRef = 31C995A1060F377500E3AB1E;
			isa = PBXBuildFile;
			settings = {
			};
		};
		31DEE028061089D0001EC83E = {
			buildActionMask = 2147483647;
			files = (
			);
			inputPaths = (
			);
			isa = PBXShellScriptBuildPhase;
			outputPaths = (
			);
			runOnlyForDeploymentPostprocessing = 0;
			shellPath = /bin/sh;
			shellScript = "# shell script goes here\nrm ./doc/*\n./Tools/autodoc -force -tree -project . -dest doc -allclasses -combine -format html -template ./Tools/HTMLTemplate.html -copyright \"TheCodingMonkeys\"\nexit 0";
		};
		31DEE029061089D0001EC83E = {
			buildPhases = (
				31DEE028061089D0001EC83E,
			);
			buildSettings = {
				OTHER_CFLAGS = "";
				OTHER_LDFLAGS = "";
				OTHER_REZFLAGS = "";
				PRODUCT_NAME = "Create Documentation";
				SECTORDER_FLAGS = "";
				WARNING_CFLAGS = "-Wmost -Wno-four-char-constants -Wno-unknown-pragmas";
			};
			dependencies = (
			);
			isa = PBXAggregateTarget;
			name = "Create Documentation";
			productName = "Create Documentation";
		};
//310
//311
//312
//313
//314
//320
//321
//322
//323
//324
		32DBCF750370BD2300C91783 = {
			fileEncoding = 4;
			isa = PBXFileReference;
			lastKnownFileType = sourcecode.c.h;
			path = SubEthaEdit_Prefix.pch;
			refType = 4;
			sourceTree = "<group>";
		};
//320
//321
//322
//323
//324
//4A0
//4A1
//4A2
//4A3
//4A4
		4A9504D0FFE6A4CB11CA0CBA = {
			buildRules = (
			);
			buildSettings = {
				COPY_PHASE_STRIP = NO;
				DEBUGGING_SYMBOLS = YES;
				GCC_DYNAMIC_NO_PIC = NO;
				GCC_ENABLE_FIX_AND_CONTINUE = YES;
				GCC_GENERATE_DEBUGGING_SYMBOLS = YES;
				GCC_OPTIMIZATION_LEVEL = 0;
				OPTIMIZATION_CFLAGS = "-O0";
				ZERO_LINK = YES;
			};
			isa = PBXBuildStyle;
			name = Development;
		};
		4A9504D1FFE6A4CB11CA0CBA = {
			buildRules = (
			);
			buildSettings = {
				COPY_PHASE_STRIP = YES;
				GCC_ENABLE_FIX_AND_CONTINUE = NO;
				OTHER_CFLAGS = "-DBLOCK_DEBUGLOGS -DNS_BLOCK_ASSERTIONS";
				ZERO_LINK = NO;
			};
			isa = PBXBuildStyle;
			name = Deployment;
		};
//4A0
//4A1
//4A2
//4A3
//4A4
//5E0
//5E1
//5E2
//5E3
//5E4
		5E0CFE9005F48F3B008C8191 = {
			fileEncoding = 4;
			isa = PBXFileReference;
			lastKnownFileType = sourcecode.c.h;
			path = TCMMMStatusProfile.h;
			refType = 4;
			sourceTree = "<group>";
		};
		5E0CFE9105F48F3B008C8191 = {
			fileEncoding = 4;
			isa = PBXFileReference;
			lastKnownFileType = sourcecode.c.objc;
			path = TCMMMStatusProfile.m;
			refType = 4;
			sourceTree = "<group>";
		};
		5E0CFE9205F48F3B008C8191 = {
			fileRef = 5E0CFE9005F48F3B008C8191;
			isa = PBXBuildFile;
			settings = {
			};
		};
		5E0CFE9305F48F3B008C8191 = {
			fileRef = 5E0CFE9105F48F3B008C8191;
			isa = PBXBuildFile;
			settings = {
			};
		};
		5E2A5BA806132149006242F9 = {
			buildActionMask = 2147483647;
			dstPath = "";
			dstSubfolderSpec = 10;
			files = (
				5E2A5BAB0613217C006242F9,
			);
			isa = PBXCopyFilesBuildPhase;
			runOnlyForDeploymentPostprocessing = 0;
		};
		5E2A5BAB0613217C006242F9 = {
			fileRef = 31B738E40611C6330004F28D;
			isa = PBXBuildFile;
			settings = {
			};
		};
		5E4F35B305EF7530009D71ED = {
			fileEncoding = 4;
			isa = PBXFileReference;
			lastKnownFileType = sourcecode.c.h;
			path = TCMMMPresenceManager.h;
			refType = 4;
			sourceTree = "<group>";
		};
		5E4F35B405EF7530009D71ED = {
			fileEncoding = 4;
			isa = PBXFileReference;
			lastKnownFileType = sourcecode.c.objc;
			path = TCMMMPresenceManager.m;
			refType = 4;
			sourceTree = "<group>";
		};
		5E4F35B505EF7530009D71ED = {
			fileRef = 5E4F35B305EF7530009D71ED;
			isa = PBXBuildFile;
			settings = {
			};
		};
		5E4F35B605EF7530009D71ED = {
			fileRef = 5E4F35B405EF7530009D71ED;
			isa = PBXBuildFile;
			settings = {
			};
		};
		5E4F35B905EF77B6009D71ED = {
			fileEncoding = 4;
			isa = PBXFileReference;
			lastKnownFileType = sourcecode.c.h;
			path = NSNetServiceTCMAdditions.h;
			refType = 4;
			sourceTree = "<group>";
		};
		5E4F35BA05EF77B6009D71ED = {
			fileEncoding = 4;
			isa = PBXFileReference;
			lastKnownFileType = sourcecode.c.objc;
			path = NSNetServiceTCMAdditions.m;
			refType = 4;
			sourceTree = "<group>";
		};
		5E4F35BB05EF77B6009D71ED = {
			fileRef = 5E4F35B905EF77B6009D71ED;
			isa = PBXBuildFile;
			settings = {
			};
		};
		5E4F35BC05EF77B6009D71ED = {
			fileRef = 5E4F35BA05EF77B6009D71ED;
			isa = PBXBuildFile;
			settings = {
			};
		};
		5E4F35BD05EF77C5009D71ED = {
			children = (
				1473143006130AFC00609A01,
				1473143106130AFC00609A01,
				31C995A0060F377500E3AB1E,
				31C995A1060F377500E3AB1E,
				143C360005ECB200008C6DFE,
				143C360105ECB200008C6DFE,
				5E834C0305FD1689004EB5D1,
				5E834C0405FD1689004EB5D1,
				5E4F35B905EF77B6009D71ED,
				5E4F35BA05EF77B6009D71ED,
				143C360205ECB200008C6DFE,
				143C360305ECB200008C6DFE,
				5EACED4605F5087E0008743E,
				5EACED4705F5087E0008743E,
				5EACEEA705F545180008743E,
				5EACEEA805F545180008743E,
			);
			isa = PBXGroup;
			name = Additions;
			refType = 4;
			sourceTree = "<group>";
		};
		5E4F35ED05EF8000009D71ED = {
			fileEncoding = 4;
			isa = PBXFileReference;
			lastKnownFileType = sourcecode.c.h;
			path = TCMMMBEEPSessionManager.h;
			refType = 4;
			sourceTree = "<group>";
		};
		5E4F35EE05EF8000009D71ED = {
			fileEncoding = 4;
			isa = PBXFileReference;
			lastKnownFileType = sourcecode.c.objc;
			path = TCMMMBEEPSessionManager.m;
			refType = 4;
			sourceTree = "<group>";
		};
		5E4F35EF05EF8000009D71ED = {
			fileRef = 5E4F35ED05EF8000009D71ED;
			isa = PBXBuildFile;
			settings = {
			};
		};
		5E4F35F005EF8000009D71ED = {
			fileRef = 5E4F35EE05EF8000009D71ED;
			isa = PBXBuildFile;
			settings = {
			};
		};
		5E4F360805EF8E3F009D71ED = {
			fileEncoding = 4;
			isa = PBXFileReference;
			lastKnownFileType = sourcecode.c.h;
			path = HandshakeProfile.h;
			refType = 4;
			sourceTree = "<group>";
		};
		5E4F360905EF8E3F009D71ED = {
			fileEncoding = 4;
			isa = PBXFileReference;
			lastKnownFileType = sourcecode.c.objc;
			path = HandshakeProfile.m;
			refType = 4;
			sourceTree = "<group>";
		};
		5E4F360A05EF8E3F009D71ED = {
			fileRef = 5E4F360805EF8E3F009D71ED;
			isa = PBXBuildFile;
			settings = {
			};
		};
		5E4F360B05EF8E3F009D71ED = {
			fileRef = 5E4F360905EF8E3F009D71ED;
			isa = PBXBuildFile;
			settings = {
			};
		};
		5E4F360E05EF90FF009D71ED = {
			fileEncoding = 4;
			isa = PBXFileReference;
			lastKnownFileType = sourcecode.c.h;
			path = TCMBEEPProfile.h;
			refType = 4;
			sourceTree = "<group>";
		};
		5E4F360F05EF90FF009D71ED = {
			fileEncoding = 4;
			isa = PBXFileReference;
			lastKnownFileType = sourcecode.c.objc;
			path = TCMBEEPProfile.m;
			refType = 4;
			sourceTree = "<group>";
		};
		5E4F361005EF90FF009D71ED = {
			fileRef = 5E4F360E05EF90FF009D71ED;
			isa = PBXBuildFile;
			settings = {
			};
		};
		5E4F361105EF90FF009D71ED = {
			fileRef = 5E4F360F05EF90FF009D71ED;
			isa = PBXBuildFile;
			settings = {
			};
		};
		5E551FB80618839C00E6B265 = {
			fileEncoding = 4;
			isa = PBXFileReference;
			lastKnownFileType = sourcecode.c.h;
			path = SaturationToColorValueTransformer.h;
			refType = 4;
			sourceTree = "<group>";
		};
		5E551FB90618839C00E6B265 = {
			fileEncoding = 4;
			isa = PBXFileReference;
			lastKnownFileType = sourcecode.c.objc;
			path = SaturationToColorValueTransformer.m;
			refType = 4;
			sourceTree = "<group>";
		};
		5E551FBA0618839C00E6B265 = {
			fileRef = 5E551FB80618839C00E6B265;
			isa = PBXBuildFile;
			settings = {
			};
		};
		5E551FBB0618839C00E6B265 = {
			fileRef = 5E551FB90618839C00E6B265;
			isa = PBXBuildFile;
			settings = {
			};
		};
		5E551FBC061883BC00E6B265 = {
			children = (
				5E551FB80618839C00E6B265,
				5E551FB90618839C00E6B265,
				5E551FBF0618842B00E6B265,
				5E551FC00618842B00E6B265,
			);
			isa = PBXGroup;
			name = ValueTransformers;
			refType = 4;
			sourceTree = "<group>";
		};
		5E551FBF0618842B00E6B265 = {
			fileEncoding = 4;
			isa = PBXFileReference;
			lastKnownFileType = sourcecode.c.h;
			path = HueToColorValueTransformer.h;
			refType = 4;
			sourceTree = "<group>";
		};
		5E551FC00618842B00E6B265 = {
			fileEncoding = 4;
			isa = PBXFileReference;
			lastKnownFileType = sourcecode.c.objc;
			path = HueToColorValueTransformer.m;
			refType = 4;
			sourceTree = "<group>";
		};
		5E551FC10618842B00E6B265 = {
			fileRef = 5E551FBF0618842B00E6B265;
			isa = PBXBuildFile;
			settings = {
			};
		};
		5E551FC20618842B00E6B265 = {
			fileRef = 5E551FC00618842B00E6B265;
			isa = PBXBuildFile;
			settings = {
			};
		};
		5E834C0305FD1689004EB5D1 = {
			fileEncoding = 4;
			isa = PBXFileReference;
			lastKnownFileType = sourcecode.c.h;
			path = NSImageTCMAdditions.h;
			refType = 4;
			sourceTree = "<group>";
		};
		5E834C0405FD1689004EB5D1 = {
			fileEncoding = 4;
			isa = PBXFileReference;
			lastKnownFileType = sourcecode.c.objc;
			path = NSImageTCMAdditions.m;
			refType = 4;
			sourceTree = "<group>";
		};
		5E834C0505FD1689004EB5D1 = {
			fileRef = 5E834C0305FD1689004EB5D1;
			isa = PBXBuildFile;
			settings = {
			};
		};
		5E834C0605FD1689004EB5D1 = {
			fileRef = 5E834C0405FD1689004EB5D1;
			isa = PBXBuildFile;
			settings = {
			};
		};
		5E96948C0600B6D3006C2AA4 = {
			isa = PBXFileReference;
			lastKnownFileType = image.tiff;
			name = StatusReadOnly.tiff;
			path = artwork/StatusReadOnly.tiff;
			refType = 4;
			sourceTree = "<group>";
		};
		5E96948D0600B6D3006C2AA4 = {
			isa = PBXFileReference;
			lastKnownFileType = image.tiff;
			name = StatusLock.tiff;
			path = artwork/StatusLock.tiff;
			refType = 4;
			sourceTree = "<group>";
		};
		5E96948E0600B6D3006C2AA4 = {
			fileRef = 5E96948C0600B6D3006C2AA4;
			isa = PBXBuildFile;
			settings = {
			};
		};
		5E96948F0600B6D3006C2AA4 = {
			fileRef = 5E96948D0600B6D3006C2AA4;
			isa = PBXBuildFile;
			settings = {
			};
		};
		5EACED4605F5087E0008743E = {
			fileEncoding = 4;
			isa = PBXFileReference;
			lastKnownFileType = sourcecode.c.h;
			path = TCMBencodingUtilities.h;
			refType = 4;
			sourceTree = "<group>";
		};
		5EACED4705F5087E0008743E = {
			fileEncoding = 4;
			isa = PBXFileReference;
			lastKnownFileType = sourcecode.c.objc;
			path = TCMBencodingUtilities.m;
			refType = 4;
			sourceTree = "<group>";
		};
		5EACED4805F5087E0008743E = {
			fileRef = 5EACED4605F5087E0008743E;
			isa = PBXBuildFile;
			settings = {
			};
		};
		5EACED4905F5087E0008743E = {
			fileRef = 5EACED4705F5087E0008743E;
			isa = PBXBuildFile;
			settings = {
			};
		};
		5EACEEA005F5388D0008743E = {
			isa = PBXFileReference;
			lastKnownFileType = image.tiff;
			name = DefaultPerson.tiff;
			path = artwork/DefaultPerson.tiff;
			refType = 4;
			sourceTree = "<group>";
		};
		5EACEEA105F5388D0008743E = {
			fileRef = 5EACEEA005F5388D0008743E;
			isa = PBXBuildFile;
			settings = {
			};
		};
		5EACEEA705F545180008743E = {
			fileEncoding = 4;
			isa = PBXFileReference;
			lastKnownFileType = sourcecode.c.h;
			path = TCMMMUserSEEAdditions.h;
			refType = 4;
			sourceTree = "<group>";
		};
		5EACEEA805F545180008743E = {
			fileEncoding = 4;
			isa = PBXFileReference;
			lastKnownFileType = sourcecode.c.objc;
			path = TCMMMUserSEEAdditions.m;
			refType = 4;
			sourceTree = "<group>";
		};
		5EACEEA905F545180008743E = {
			fileRef = 5EACEEA705F545180008743E;
			isa = PBXBuildFile;
			settings = {
			};
		};
		5EACEEAA05F545180008743E = {
			fileRef = 5EACEEA805F545180008743E;
			isa = PBXBuildFile;
			settings = {
			};
		};
		5EAD69AA05EE5F5300E75BFF = {
			isa = PBXFileReference;
			lastKnownFileType = wrapper.framework;
			name = AddressBook.framework;
			path = /System/Library/Frameworks/AddressBook.framework;
			refType = 0;
			sourceTree = "<absolute>";
		};
		5EAD69AB05EE5F5300E75BFF = {
			fileRef = 5EAD69AA05EE5F5300E75BFF;
			isa = PBXBuildFile;
			settings = {
			};
		};
		5ECFBADA060F35F7000B47E6 = {
			fileEncoding = 4;
			isa = PBXFileReference;
			lastKnownFileType = sourcecode.c.h;
			path = DocumentMode.h;
			refType = 4;
			sourceTree = "<group>";
		};
		5ECFBADB060F35F7000B47E6 = {
			fileEncoding = 4;
			isa = PBXFileReference;
			lastKnownFileType = sourcecode.c.objc;
			path = DocumentMode.m;
			refType = 4;
			sourceTree = "<group>";
		};
		5ECFBADC060F35F7000B47E6 = {
			fileRef = 5ECFBADA060F35F7000B47E6;
			isa = PBXBuildFile;
			settings = {
			};
		};
		5ECFBADD060F35F7000B47E6 = {
			fileRef = 5ECFBADB060F35F7000B47E6;
			isa = PBXBuildFile;
			settings = {
			};
		};
		5ECFBAE0060F3623000B47E6 = {
			fileEncoding = 4;
			isa = PBXFileReference;
			lastKnownFileType = sourcecode.c.h;
			path = DocumentModeManager.h;
			refType = 4;
			sourceTree = "<group>";
		};
		5ECFBAE1060F3623000B47E6 = {
			fileEncoding = 4;
			isa = PBXFileReference;
			lastKnownFileType = sourcecode.c.objc;
			path = DocumentModeManager.m;
			refType = 4;
			sourceTree = "<group>";
		};
		5ECFBAE2060F3623000B47E6 = {
			fileRef = 5ECFBAE0060F3623000B47E6;
			isa = PBXBuildFile;
			settings = {
			};
		};
		5ECFBAE3060F3623000B47E6 = {
			fileRef = 5ECFBAE1060F3623000B47E6;
			isa = PBXBuildFile;
			settings = {
			};
		};
		5ECFBAE8060F365B000B47E6 = {
			fileEncoding = 4;
			isa = PBXFileReference;
			lastKnownFileType = sourcecode.c.h;
			path = SyntaxHighlighter.h;
			refType = 4;
			sourceTree = "<group>";
		};
		5ECFBAE9060F365B000B47E6 = {
			fileEncoding = 4;
			isa = PBXFileReference;
			lastKnownFileType = sourcecode.c.objc;
			path = SyntaxHighlighter.m;
			refType = 4;
			sourceTree = "<group>";
		};
		5ECFBAEA060F365B000B47E6 = {
			fileRef = 5ECFBAE8060F365B000B47E6;
			isa = PBXBuildFile;
			settings = {
			};
		};
		5ECFBAEB060F365B000B47E6 = {
			fileRef = 5ECFBAE9060F365B000B47E6;
			isa = PBXBuildFile;
			settings = {
			};
		};
		5ECFBAEE060F367C000B47E6 = {
			fileEncoding = 4;
			isa = PBXFileReference;
			lastKnownFileType = sourcecode.c.h;
			path = SyntaxDefinition.h;
			refType = 4;
			sourceTree = "<group>";
		};
		5ECFBAEF060F367C000B47E6 = {
			fileEncoding = 4;
			isa = PBXFileReference;
			lastKnownFileType = sourcecode.c.objc;
			path = SyntaxDefinition.m;
			refType = 4;
			sourceTree = "<group>";
		};
		5ECFBAF0060F367C000B47E6 = {
			fileRef = 5ECFBAEE060F367C000B47E6;
			isa = PBXBuildFile;
			settings = {
			};
		};
		5ECFBAF1060F367C000B47E6 = {
			fileRef = 5ECFBAEF060F367C000B47E6;
			isa = PBXBuildFile;
			settings = {
			};
		};
		5ED305B80601BF6C00C38815 = {
			children = (
				144BC77105EE26B0006397BC,
				144BC77205EE26B0006397BC,
				148892A6061869DC005BDDCB,
				148892A7061869DC005BDDCB,
				148892A0061869A6005BDDCB,
				148892A1061869A6005BDDCB,
				144BC39005EDFDB1006397BC,
				144BC39105EDFDB1006397BC,
				144BC76505EE1F21006397BC,
				144BC76605EE1F21006397BC,
			);
			isa = PBXGroup;
			name = Preferences;
			refType = 4;
			sourceTree = "<group>";
		};
		5EDB862505F8AA6E0058C44A = {
			fileEncoding = 30;
			isa = PBXFileReference;
			lastKnownFileType = sourcecode.c.objc;
			path = PlainTextDocument.m;
			refType = 4;
			sourceTree = "<group>";
		};
		5EDB862605F8AA6E0058C44A = {
			fileEncoding = 30;
			isa = PBXFileReference;
			lastKnownFileType = sourcecode.c.h;
			path = PlainTextDocument.h;
			refType = 4;
			sourceTree = "<group>";
		};
		5EDB862705F8AA6E0058C44A = {
			fileRef = 5EDB862505F8AA6E0058C44A;
			isa = PBXBuildFile;
			settings = {
			};
		};
		5EDB862805F8AA6E0058C44A = {
			fileRef = 5EDB862605F8AA6E0058C44A;
			isa = PBXBuildFile;
			settings = {
			};
		};
		5EDB87E505F8AFE30058C44A = {
			fileEncoding = 4;
			isa = PBXFileReference;
			lastKnownFileType = sourcecode.c.h;
			path = PlainTextWindowController.h;
			refType = 4;
			sourceTree = "<group>";
		};
		5EDB87E605F8AFE30058C44A = {
			fileEncoding = 4;
			isa = PBXFileReference;
			lastKnownFileType = sourcecode.c.objc;
			path = PlainTextWindowController.m;
			refType = 4;
			sourceTree = "<group>";
		};
		5EDB87E705F8AFE30058C44A = {
			fileRef = 5EDB87E505F8AFE30058C44A;
			isa = PBXBuildFile;
			settings = {
			};
		};
		5EDB87E805F8AFE30058C44A = {
			fileRef = 5EDB87E605F8AFE30058C44A;
			isa = PBXBuildFile;
			settings = {
			};
		};
		5EDB87E905F8B1CB0058C44A = {
			children = (
				5EDB87EA05F8B1CB0058C44A,
			);
			isa = PBXVariantGroup;
			name = PlainTextWindow.nib;
			path = "";
			refType = 4;
			sourceTree = "<group>";
		};
		5EDB87EA05F8B1CB0058C44A = {
			isa = PBXFileReference;
			lastKnownFileType = wrapper.nib;
			name = English;
			path = English.lproj/PlainTextWindow.nib;
			refType = 4;
			sourceTree = "<group>";
		};
		5EDB87EB05F8B1CB0058C44A = {
			fileRef = 5EDB87E905F8B1CB0058C44A;
			isa = PBXBuildFile;
			settings = {
			};
		};
		5EEB176705ECDC0C00C17677 = {
			children = (
				14C51C98060213490030F488,
				14C51C99060213490030F488,
				14C51E4306026F820030F488,
				144BC77505EE279B006397BC,
				5EACEEA005F5388D0008743E,
				148892D206186C60005BDDCB,
				148892CE06186BC3005BDDCB,
				149A5C1B0600A89C0033510E,
				14E3EACA06149C5D0083426B,
				5E96948C0600B6D3006C2AA4,
				5E96948D0600B6D3006C2AA4,
				5EEB176805ECDC1600C17677,
				14C51E3706026BC70030F488,
			);
			isa = PBXGroup;
			name = artwork;
			refType = 4;
			sourceTree = "<group>";
		};
		5EEB176805ECDC1600C17677 = {
			isa = PBXFileReference;
			lastKnownFileType = image.icns;
			name = SubEthaEdit.icns;
			path = artwork/SubEthaEdit.icns;
			refType = 4;
			sourceTree = "<group>";
		};
		5EEB176905ECDC1600C17677 = {
			fileRef = 5EEB176805ECDC1600C17677;
			isa = PBXBuildFile;
			settings = {
			};
		};
		5EEB176D05ECF6DA00C17677 = {
			children = (
				141084A705FE345800A4463D,
				5E4F35ED05EF8000009D71ED,
				5E4F35EE05EF8000009D71ED,
				14249F5D05FCEF6000D8C6B9,
				14249F5E05FCEF6000D8C6B9,
				5E4F35B305EF7530009D71ED,
				5E4F35B405EF7530009D71ED,
				14A0EF15060B1DC200A80FA8,
				14A0EF16060B1DC200A80FA8,
				14A0EF1B060B1DED00A80FA8,
				14A0EF1C060B1DED00A80FA8,
				14249EFB05FC826400D8C6B9,
				14249EFC05FC826400D8C6B9,
				14A0EF0F060B1D9C00A80FA8,
				14A0EF10060B1D9C00A80FA8,
				5E0CFE9005F48F3B008C8191,
				5E0CFE9105F48F3B008C8191,
				1444315C0611B9E4008FDA2E,
				1444315D0611B9E4008FDA2E,
				5EEB177005ECF6F700C17677,
				5EEB177105ECF6F700C17677,
				5EEB177605ECF8D300C17677,
				5EEB177705ECF8D300C17677,
			);
			isa = PBXGroup;
			path = TCMMillionMonkeys;
			refType = 4;
			sourceTree = "<group>";
		};
		5EEB177005ECF6F700C17677 = {
			fileEncoding = 4;
			isa = PBXFileReference;
			lastKnownFileType = sourcecode.c.h;
			path = TCMMMUserManager.h;
			refType = 4;
			sourceTree = "<group>";
		};
		5EEB177105ECF6F700C17677 = {
			fileEncoding = 4;
			isa = PBXFileReference;
			lastKnownFileType = sourcecode.c.objc;
			path = TCMMMUserManager.m;
			refType = 4;
			sourceTree = "<group>";
		};
		5EEB177205ECF6F700C17677 = {
			fileRef = 5EEB177005ECF6F700C17677;
			isa = PBXBuildFile;
			settings = {
			};
		};
		5EEB177305ECF6F700C17677 = {
			fileRef = 5EEB177105ECF6F700C17677;
			isa = PBXBuildFile;
			settings = {
			};
		};
		5EEB177605ECF8D300C17677 = {
			fileEncoding = 4;
			isa = PBXFileReference;
			lastKnownFileType = sourcecode.c.h;
			path = TCMMMUser.h;
			refType = 4;
			sourceTree = "<group>";
		};
		5EEB177705ECF8D300C17677 = {
			fileEncoding = 4;
			isa = PBXFileReference;
			lastKnownFileType = sourcecode.c.objc;
			path = TCMMMUser.m;
			refType = 4;
			sourceTree = "<group>";
		};
		5EEB177805ECF8D300C17677 = {
			fileRef = 5EEB177605ECF8D300C17677;
			isa = PBXBuildFile;
			settings = {
			};
		};
		5EEB177905ECF8D300C17677 = {
			fileRef = 5EEB177705ECF8D300C17677;
			isa = PBXBuildFile;
			settings = {
			};
		};
		5EEB185505ED0E1600C17677 = {
			fileEncoding = 4;
			isa = PBXFileReference;
			lastKnownFileType = sourcecode.c.h;
			path = RendezvousBrowserController.h;
			refType = 4;
			sourceTree = "<group>";
		};
		5EEB185605ED0E1600C17677 = {
			fileEncoding = 4;
			isa = PBXFileReference;
			lastKnownFileType = sourcecode.c.objc;
			path = RendezvousBrowserController.m;
			refType = 4;
			sourceTree = "<group>";
		};
		5EEB185705ED0E1600C17677 = {
			fileRef = 5EEB185505ED0E1600C17677;
			isa = PBXBuildFile;
			settings = {
			};
		};
		5EEB185805ED0E1600C17677 = {
			fileRef = 5EEB185605ED0E1600C17677;
			isa = PBXBuildFile;
			settings = {
			};
		};
		5EEB185B05ED0F3700C17677 = {
			children = (
				5EEB185C05ED0F3700C17677,
			);
			isa = PBXVariantGroup;
			name = RendezvousBrowser.nib;
			path = "";
			refType = 4;
			sourceTree = "<group>";
		};
		5EEB185C05ED0F3700C17677 = {
			isa = PBXFileReference;
			lastKnownFileType = wrapper.nib;
			name = English;
			path = English.lproj/RendezvousBrowser.nib;
			refType = 4;
			sourceTree = "<group>";
		};
		5EEB185D05ED0F3700C17677 = {
			fileRef = 5EEB185B05ED0F3700C17677;
			isa = PBXBuildFile;
			settings = {
			};
		};
		5EEB186005ED1CBB00C17677 = {
			fileEncoding = 4;
			isa = PBXFileReference;
			lastKnownFileType = sourcecode.c.h;
			path = TCMRendezvousBrowser.h;
			refType = 4;
			sourceTree = "<group>";
		};
		5EEB186105ED1CBB00C17677 = {
			fileEncoding = 4;
			isa = PBXFileReference;
			lastKnownFileType = sourcecode.c.objc;
			path = TCMRendezvousBrowser.m;
			refType = 4;
			sourceTree = "<group>";
		};
		5EEB186205ED1CBB00C17677 = {
			fileRef = 5EEB186005ED1CBB00C17677;
			isa = PBXBuildFile;
			settings = {
			};
		};
		5EEB186305ED1CBB00C17677 = {
			fileRef = 5EEB186105ED1CBB00C17677;
			isa = PBXBuildFile;
			settings = {
			};
		};
		5EEB186605ED1EBE00C17677 = {
			fileEncoding = 30;
			isa = PBXFileReference;
			lastKnownFileType = sourcecode.c.objc;
			path = TCMBEEPListener.m;
			refType = 4;
			sourceTree = "<group>";
		};
		5EEB186705ED1EBE00C17677 = {
			fileEncoding = 30;
			isa = PBXFileReference;
			lastKnownFileType = sourcecode.c.objc;
			path = TCMBEEPManagementProfile.m;
			refType = 4;
			sourceTree = "<group>";
		};
		5EEB186805ED1EBE00C17677 = {
			fileEncoding = 30;
			isa = PBXFileReference;
			lastKnownFileType = sourcecode.c.h;
			path = TCMBEEPMessage.h;
			refType = 4;
			sourceTree = "<group>";
		};
		5EEB186905ED1EBE00C17677 = {
			fileEncoding = 30;
			isa = PBXFileReference;
			lastKnownFileType = sourcecode.c.objc;
			path = TCMBEEPFrame.m;
			refType = 4;
			sourceTree = "<group>";
		};
		5EEB186A05ED1EBE00C17677 = {
			fileEncoding = 30;
			isa = PBXFileReference;
			lastKnownFileType = sourcecode.c.objc;
			path = TCMBEEPMessage.m;
			refType = 4;
			sourceTree = "<group>";
		};
		5EEB186B05ED1EBE00C17677 = {
			fileEncoding = 30;
			isa = PBXFileReference;
			lastKnownFileType = sourcecode.c.h;
			path = TCMBEEPSession.h;
			refType = 4;
			sourceTree = "<group>";
		};
		5EEB186C05ED1EBE00C17677 = {
			fileEncoding = 30;
			isa = PBXFileReference;
			lastKnownFileType = sourcecode.c.h;
			path = TCMBEEPChannel.h;
			refType = 4;
			sourceTree = "<group>";
		};
		5EEB186D05ED1EBE00C17677 = {
			fileEncoding = 30;
			isa = PBXFileReference;
			lastKnownFileType = sourcecode.c.h;
			path = TCMBEEPFrame.h;
			refType = 4;
			sourceTree = "<group>";
		};
		5EEB186F05ED1EBE00C17677 = {
			fileEncoding = 30;
			isa = PBXFileReference;
			lastKnownFileType = sourcecode.c.h;
			path = TCMBEEPListener.h;
			refType = 4;
			sourceTree = "<group>";
		};
		5EEB187005ED1EBE00C17677 = {
			fileEncoding = 30;
			isa = PBXFileReference;
			lastKnownFileType = sourcecode.c.h;
			path = TCMBEEPManagementProfile.h;
			refType = 4;
			sourceTree = "<group>";
		};
		5EEB187105ED1EBE00C17677 = {
			fileEncoding = 30;
			isa = PBXFileReference;
			lastKnownFileType = sourcecode.c.objc;
			path = TCMBEEPChannel.m;
			refType = 4;
			sourceTree = "<group>";
		};
		5EEB187205ED1EBE00C17677 = {
			fileEncoding = 30;
			isa = PBXFileReference;
			lastKnownFileType = sourcecode.c.objc;
			path = TCMBEEPSession.m;
			refType = 4;
			sourceTree = "<group>";
		};
		5EEB187305ED1EBF00C17677 = {
			fileRef = 5EEB186605ED1EBE00C17677;
			isa = PBXBuildFile;
			settings = {
			};
		};
		5EEB187405ED1EBF00C17677 = {
			fileRef = 5EEB186705ED1EBE00C17677;
			isa = PBXBuildFile;
			settings = {
			};
		};
		5EEB187505ED1EBF00C17677 = {
			fileRef = 5EEB186805ED1EBE00C17677;
			isa = PBXBuildFile;
			settings = {
			};
		};
		5EEB187605ED1EBF00C17677 = {
			fileRef = 5EEB186905ED1EBE00C17677;
			isa = PBXBuildFile;
			settings = {
			};
		};
		5EEB187705ED1EBF00C17677 = {
			fileRef = 5EEB186A05ED1EBE00C17677;
			isa = PBXBuildFile;
			settings = {
			};
		};
		5EEB187805ED1EBF00C17677 = {
			fileRef = 5EEB186B05ED1EBE00C17677;
			isa = PBXBuildFile;
			settings = {
			};
		};
		5EEB187905ED1EBF00C17677 = {
			fileRef = 5EEB186C05ED1EBE00C17677;
			isa = PBXBuildFile;
			settings = {
			};
		};
		5EEB187A05ED1EBF00C17677 = {
			fileRef = 5EEB186D05ED1EBE00C17677;
			isa = PBXBuildFile;
			settings = {
			};
		};
		5EEB187C05ED1EBF00C17677 = {
			fileRef = 5EEB186F05ED1EBE00C17677;
			isa = PBXBuildFile;
			settings = {
			};
		};
		5EEB187D05ED1EBF00C17677 = {
			fileRef = 5EEB187005ED1EBE00C17677;
			isa = PBXBuildFile;
			settings = {
			};
		};
		5EEB187E05ED1EBF00C17677 = {
			fileRef = 5EEB187105ED1EBE00C17677;
			isa = PBXBuildFile;
			settings = {
			};
		};
		5EEB187F05ED1EBF00C17677 = {
			fileRef = 5EEB187205ED1EBE00C17677;
			isa = PBXBuildFile;
			settings = {
			};
		};
		5EEB188005ED1F0500C17677 = {
			fileEncoding = 30;
			isa = PBXFileReference;
			lastKnownFileType = sourcecode.c.h;
			path = TCMBEEP.h;
			refType = 4;
			sourceTree = "<group>";
		};
		5EEB188105ED1F0500C17677 = {
			fileRef = 5EEB188005ED1F0500C17677;
			isa = PBXBuildFile;
			settings = {
			};
		};
		5EF941D90612E31600C2EBFE = {
			fileEncoding = 4;
			isa = PBXFileReference;
			lastKnownFileType = sourcecode.c.h;
			path = TextStorage.h;
			refType = 4;
			sourceTree = "<group>";
		};
		5EF941DA0612E31600C2EBFE = {
			fileEncoding = 4;
			isa = PBXFileReference;
			lastKnownFileType = sourcecode.c.objc;
			path = TextStorage.m;
			refType = 4;
			sourceTree = "<group>";
		};
		5EF941DB0612E31600C2EBFE = {
			fileRef = 5EF941D90612E31600C2EBFE;
			isa = PBXBuildFile;
			settings = {
			};
		};
		5EF941DC0612E31600C2EBFE = {
			fileRef = 5EF941DA0612E31600C2EBFE;
			isa = PBXBuildFile;
			settings = {
			};
		};
		5EF941F40612EC5D00C2EBFE = {
			fileEncoding = 4;
			isa = PBXFileReference;
			lastKnownFileType = sourcecode.c.h;
			path = DocumentController.h;
			refType = 4;
			sourceTree = "<group>";
		};
		5EF941F50612EC5D00C2EBFE = {
			fileEncoding = 4;
			isa = PBXFileReference;
			lastKnownFileType = sourcecode.c.objc;
			path = DocumentController.m;
			refType = 4;
			sourceTree = "<group>";
		};
		5EF941F60612EC5D00C2EBFE = {
			fileRef = 5EF941F40612EC5D00C2EBFE;
			isa = PBXBuildFile;
			settings = {
			};
		};
		5EF941F70612EC5D00C2EBFE = {
			fileRef = 5EF941F50612EC5D00C2EBFE;
			isa = PBXBuildFile;
			settings = {
			};
		};
//5E0
//5E1
//5E2
//5E3
//5E4
//8D0
//8D1
//8D2
//8D3
//8D4
		8D15AC270486D014006FF6A4 = {
			buildPhases = (
				8D15AC280486D014006FF6A4,
				8D15AC2B0486D014006FF6A4,
				144DD74906104A760047D354,
				8D15AC300486D014006FF6A4,
				8D15AC330486D014006FF6A4,
				5E2A5BA806132149006242F9,
			);
			buildRules = (
			);
			buildSettings = {
				FRAMEWORK_SEARCH_PATHS = "\"$(LOCAL_LIBRARY_DIR)/TCMInternal/Frameworks\"";
				GCC_ENABLE_TRIGRAPHS = NO;
				GCC_GENERATE_DEBUGGING_SYMBOLS = NO;
				GCC_PRECOMPILE_PREFIX_HEADER = YES;
				GCC_PREFIX_HEADER = SubEthaEdit_Prefix.pch;
				GCC_WARN_ABOUT_MISSING_PROTOTYPES = NO;
				GCC_WARN_FOUR_CHARACTER_CONSTANTS = NO;
				GCC_WARN_UNKNOWN_PRAGMAS = NO;
				HEADER_SEARCH_PATHS = "";
				INFOPLIST_FILE = Info.plist;
				INSTALL_PATH = "$(HOME)/Applications";
				LIBRARY_SEARCH_PATHS = "";
				OTHER_CFLAGS = "";
				OTHER_LDFLAGS = "";
				PRODUCT_NAME = SubEthaEdit;
				SECTORDER_FLAGS = "";
				WARNING_CFLAGS = "-Wmost -Wno-four-char-constants -Wno-unknown-pragmas";
				WRAPPER_EXTENSION = app;
			};
			dependencies = (
			);
			isa = PBXNativeTarget;
			name = SubEthaEdit;
			productInstallPath = "$(HOME)/Applications";
			productName = SubEthaEdit;
			productReference = 8D15AC370486D014006FF6A4;
			productType = "com.apple.product-type.application";
		};
		8D15AC280486D014006FF6A4 = {
			buildActionMask = 2147483647;
			files = (
				8D15AC290486D014006FF6A4,
				143C360405ECB200008C6DFE,
				143C360605ECB200008C6DFE,
				143C360E05ECCEE8008C6DFE,
				5EEB177205ECF6F700C17677,
				5EEB177805ECF8D300C17677,
				5EEB185705ED0E1600C17677,
				5EEB186205ED1CBB00C17677,
				5EEB187505ED1EBF00C17677,
				5EEB187805ED1EBF00C17677,
				5EEB187905ED1EBF00C17677,
				5EEB187A05ED1EBF00C17677,
				5EEB187C05ED1EBF00C17677,
				5EEB187D05ED1EBF00C17677,
				5EEB188105ED1F0500C17677,
				144BC39205EDFDB1006397BC,
				144BC76705EE1F21006397BC,
				144BC77305EE26B0006397BC,
				5E4F35B505EF7530009D71ED,
				5E4F35BB05EF77B6009D71ED,
				5E4F35EF05EF8000009D71ED,
				5E4F360A05EF8E3F009D71ED,
				5E4F361005EF90FF009D71ED,
				5E0CFE9205F48F3B008C8191,
				5EACED4805F5087E0008743E,
				5EACEEA905F545180008743E,
				14AE9CAC05F5E8F00025CADE,
				14AE9ED705F618100025CADE,
				5EDB862805F8AA6E0058C44A,
				5EDB87E705F8AFE30058C44A,
				14249EFD05FC826400D8C6B9,
				14249F5F05FCEF6000D8C6B9,
				5E834C0505FD1689004EB5D1,
				141080DC05FE2EC800A4463D,
				141084A805FE345800A4463D,
				14C51C710601C93C0030F488,
				14A0EF11060B1D9C00A80FA8,
				14A0EF17060B1DC200A80FA8,
				14A0EF1D060B1DED00A80FA8,
				14A0EFB5060B410B00A80FA8,
				5ECFBADC060F35F7000B47E6,
				5ECFBAE2060F3623000B47E6,
				5ECFBAEA060F365B000B47E6,
				5ECFBAF0060F367C000B47E6,
				31C995A2060F377500E3AB1E,
				1444315E0611B9E4008FDA2E,
				14B42A8D06120339002D0043,
				5EF941DB0612E31600C2EBFE,
				5EF941F60612EC5D00C2EBFE,
				1473143206130AFC00609A01,
				144C57AD06143E9200D1E8BF,
				148892A2061869A6005BDDCB,
				148892A8061869DC005BDDCB,
				5E551FBA0618839C00E6B265,
				5E551FC10618842B00E6B265,
			);
			isa = PBXHeadersBuildPhase;
			runOnlyForDeploymentPostprocessing = 0;
		};
		8D15AC290486D014006FF6A4 = {
			fileRef = 32DBCF750370BD2300C91783;
			isa = PBXBuildFile;
			settings = {
			};
		};
		8D15AC2B0486D014006FF6A4 = {
			buildActionMask = 2147483647;
			files = (
				8D15AC2C0486D014006FF6A4,
				8D15AC2D0486D014006FF6A4,
				8D15AC2F0486D014006FF6A4,
				5EEB176905ECDC1600C17677,
				5EEB185D05ED0F3700C17677,
				1482A6D205F0FD9B00BC7434,
				144BC77605EE279B006397BC,
				144BC7C405EE43B6006397BC,
				1482A67A05EFC1E100BC7434,
				5EACEEA105F5388D0008743E,
				14AE9CB305F5EA050025CADE,
				5EDB87EB05F8B1CB0058C44A,
				149A5C1C0600A89C0033510E,
				5E96948E0600B6D3006C2AA4,
				5E96948F0600B6D3006C2AA4,
				14C51C9A060213490030F488,
				14C51C9B060213490030F488,
				14C51E3806026BC70030F488,
				14C51E4406026F820030F488,
				14006966060C64F60060F71E,
				1400696B060C65430060F71E,
				1400696C060C65430060F71E,
				14EA6955060F651A00D02455,
				144C57C20614404400D1E8BF,
				14E3EACB06149C5D0083426B,
				148892CF06186BC3005BDDCB,
				148892D306186C60005BDDCB,
				148892DA06186C76005BDDCB,
				148892E006186D94005BDDCB,
			);
			isa = PBXResourcesBuildPhase;
			runOnlyForDeploymentPostprocessing = 0;
		};
		8D15AC2C0486D014006FF6A4 = {
			fileRef = 2A37F4B9FDCFA73011CA2CEA;
			isa = PBXBuildFile;
			settings = {
			};
		};
		8D15AC2D0486D014006FF6A4 = {
			fileRef = 2A37F4B6FDCFA73011CA2CEA;
			isa = PBXBuildFile;
			settings = {
			};
		};
		8D15AC2F0486D014006FF6A4 = {
			fileRef = 089C165FFE840EACC02AAC07;
			isa = PBXBuildFile;
			settings = {
			};
		};
		8D15AC300486D014006FF6A4 = {
			buildActionMask = 2147483647;
			files = (
				8D15AC320486D014006FF6A4,
				143C360505ECB200008C6DFE,
				143C360705ECB200008C6DFE,
				143C360F05ECCEE8008C6DFE,
				5EEB177305ECF6F700C17677,
				5EEB177905ECF8D300C17677,
				5EEB185805ED0E1600C17677,
				5EEB186305ED1CBB00C17677,
				5EEB187305ED1EBF00C17677,
				5EEB187405ED1EBF00C17677,
				5EEB187605ED1EBF00C17677,
				5EEB187705ED1EBF00C17677,
				5EEB187E05ED1EBF00C17677,
				5EEB187F05ED1EBF00C17677,
				144BC39305EDFDB1006397BC,
				144BC76805EE1F21006397BC,
				144BC77405EE26B0006397BC,
				5E4F35B605EF7530009D71ED,
				5E4F35BC05EF77B6009D71ED,
				5E4F35F005EF8000009D71ED,
				5E4F360B05EF8E3F009D71ED,
				5E4F361105EF90FF009D71ED,
				5E0CFE9305F48F3B008C8191,
				5EACED4905F5087E0008743E,
				5EACEEAA05F545180008743E,
				14AE9CAD05F5E8F00025CADE,
				14AE9ED805F618100025CADE,
				5EDB862705F8AA6E0058C44A,
				5EDB87E805F8AFE30058C44A,
				14249EFE05FC826400D8C6B9,
				14249F6005FCEF6000D8C6B9,
				5E834C0605FD1689004EB5D1,
				141080DD05FE2EC800A4463D,
				14C51C720601C93C0030F488,
				14A0EF12060B1D9C00A80FA8,
				14A0EF18060B1DC200A80FA8,
				14A0EF1E060B1DED00A80FA8,
				14A0EFB6060B410B00A80FA8,
				5ECFBADD060F35F7000B47E6,
				5ECFBAE3060F3623000B47E6,
				5ECFBAEB060F365B000B47E6,
				5ECFBAF1060F367C000B47E6,
				31C995A3060F377500E3AB1E,
				1444315F0611B9E4008FDA2E,
				14B42A8E06120339002D0043,
				5EF941DC0612E31600C2EBFE,
				5EF941F70612EC5D00C2EBFE,
				1473143306130AFC00609A01,
				144C57AE06143E9200D1E8BF,
				148892A3061869A6005BDDCB,
				148892A9061869DC005BDDCB,
				5E551FBB0618839C00E6B265,
				5E551FC20618842B00E6B265,
			);
			isa = PBXSourcesBuildPhase;
			runOnlyForDeploymentPostprocessing = 0;
		};
		8D15AC320486D014006FF6A4 = {
			fileRef = 2A37F4B0FDCFA73011CA2CEA;
			isa = PBXBuildFile;
			settings = {
				ATTRIBUTES = (
				);
			};
		};
		8D15AC330486D014006FF6A4 = {
			buildActionMask = 2147483647;
			files = (
				8D15AC340486D014006FF6A4,
				144BC7CA05EE5C84006397BC,
				5EAD69AB05EE5F5300E75BFF,
				14AE9D6C05F610EB0025CADE,
				144DD73C061049D90047D354,
				31B738E50611C6330004F28D,
			);
			isa = PBXFrameworksBuildPhase;
			runOnlyForDeploymentPostprocessing = 0;
		};
		8D15AC340486D014006FF6A4 = {
			fileRef = 1058C7A7FEA54F5311CA2CBB;
			isa = PBXBuildFile;
			settings = {
			};
		};
		8D15AC360486D014006FF6A4 = {
			fileEncoding = 4;
			isa = PBXFileReference;
			lastKnownFileType = text.plist;
			path = Info.plist;
			refType = 4;
			sourceTree = "<group>";
		};
		8D15AC370486D014006FF6A4 = {
			explicitFileType = wrapper.application;
			includeInIndex = 0;
			isa = PBXFileReference;
			path = SubEthaEdit.app;
			refType = 3;
			sourceTree = BUILT_PRODUCTS_DIR;
		};
	};
	rootObject = 2A37F4A9FDCFA73011CA2CEA;
}
